Microsoft Visual Studio Solution File, Format Version 12.00
# Visual Studio 14
Project("{2150E333-8FDC-42A3-9474-1A3956D46DE8}") = "CMakePredefinedTargets", "CMakePredefinedTargets", "{2F0C9E1E-F090-3F42-A05C-3598A7153CAD}"
EndProject
Project("{2150E333-8FDC-42A3-9474-1A3956D46DE8}") = "GLFW3", "GLFW3", "{026D9220-7061-3696-9FF3-F4AD9BA11B81}"
EndProject
Project("{2150E333-8FDC-42A3-9474-1A3956D46DE8}") = "Examples", "GLFW3\Examples", "{1CE079C2-C310-3F38-AD27-900EE71836A2}"
EndProject
Project("{2150E333-8FDC-42A3-9474-1A3956D46DE8}") = "Tests", "GLFW3\Tests", "{A1FA8408-13F8-3069-B8EF-A73367BFDEC3}"
EndProject
Project("{8BC9CEB8-8B4A-11D0-8D11-00A0C91BC942}") = "ALL_BUILD", "ALL_BUILD.vcxproj", "{60D45503-CFB2-36D6-B58A-245563C7234A}"
	ProjectSection(ProjectDependencies) = postProject
		{408F2FFF-1F62-3284-AFDE-E3C54154945E} = {408F2FFF-1F62-3284-AFDE-E3C54154945E}
		{32F58968-E151-322B-A2D6-8F7F94EBE323} = {32F58968-E151-322B-A2D6-8F7F94EBE323}
		{E544968F-EBE4-35FE-9A59-41FBAA58A74D} = {E544968F-EBE4-35FE-9A59-41FBAA58A74D}
		{F8A623D3-FCD1-3EAA-AE59-A632E78135AF} = {F8A623D3-FCD1-3EAA-AE59-A632E78135AF}
		{323CD6F4-703A-33F2-A3C6-FA84E70D3EE2} = {323CD6F4-703A-33F2-A3C6-FA84E70D3EE2}
		{67B90986-FAAB-3BDF-A3D9-6ECB7BCB6FF7} = {67B90986-FAAB-3BDF-A3D9-6ECB7BCB6FF7}
		{9D17E9B1-D11B-3010-8C96-8E4FDB714A65} = {9D17E9B1-D11B-3010-8C96-8E4FDB714A65}
		{F618C454-6B42-39B6-B745-5A861B81EA02} = {F618C454-6B42-39B6-B745-5A861B81EA02}
		{88B70BA4-C2A6-3FE9-8048-96CB89F928E8} = {88B70BA4-C2A6-3FE9-8048-96CB89F928E8}
		{94F531DD-0278-3E32-8B15-79912FDF8B64} = {94F531DD-0278-3E32-8B15-79912FDF8B64}
		{9782F9B5-F8C2-39D5-8571-ABBABF14EC9C} = {9782F9B5-F8C2-39D5-8571-ABBABF14EC9C}
		{591B137D-4993-3B32-99F0-F03CAC3FF80B} = {591B137D-4993-3B32-99F0-F03CAC3FF80B}
		{6A8716FD-81F2-31B2-AA62-92A17E3D728D} = {6A8716FD-81F2-31B2-AA62-92A17E3D728D}
		{E16D117E-C19B-3F8D-9D7A-01D564B6E6FF} = {E16D117E-C19B-3F8D-9D7A-01D564B6E6FF}
		{E0AB6944-E44D-3298-B2C5-9FB2BA4DA465} = {E0AB6944-E44D-3298-B2C5-9FB2BA4DA465}
		{411FEA3E-FC8E-3FB0-B958-5C244F7D2C67} = {411FEA3E-FC8E-3FB0-B958-5C244F7D2C67}
		{604A6FFB-DB02-339E-BFD8-F047512255FC} = {604A6FFB-DB02-339E-BFD8-F047512255FC}
		{9673F967-6D79-362A-90EE-CC062E6C829E} = {9673F967-6D79-362A-90EE-CC062E6C829E}
		{1294237B-ED10-39CC-A53A-7689EBE9E736} = {1294237B-ED10-39CC-A53A-7689EBE9E736}
		{CED0213A-2406-3256-A9CE-A00E2B50933E} = {CED0213A-2406-3256-A9CE-A00E2B50933E}
		{56ACE015-7FC8-358E-88B8-10DDFFB83047} = {56ACE015-7FC8-358E-88B8-10DDFFB83047}
		{C280CC0F-6FFD-360D-9CAC-E68EFFF5816F} = {C280CC0F-6FFD-360D-9CAC-E68EFFF5816F}
		{4270733F-754B-364F-8F12-1CD3E14645B1} = {4270733F-754B-364F-8F12-1CD3E14645B1}
		{CD4267D9-C2EE-3421-9C28-402F6044942F} = {CD4267D9-C2EE-3421-9C28-402F6044942F}
		{45645A36-D4CF-37E7-A75F-2974A6E05BA3} = {45645A36-D4CF-37E7-A75F-2974A6E05BA3}
		{6CC9DCA5-D025-3551-849E-5F3BF40BBD1B} = {6CC9DCA5-D025-3551-849E-5F3BF40BBD1B}
		{B2980F2C-9112-3F25-AF25-AB9B735B53E8} = {B2980F2C-9112-3F25-AF25-AB9B735B53E8}
		{1817B39F-FAFD-3F2D-8A8A-5CD99367F5DF} = {1817B39F-FAFD-3F2D-8A8A-5CD99367F5DF}
		{7D2BAE4C-D3B7-36B6-92F0-03A862B316F3} = {7D2BAE4C-D3B7-36B6-92F0-03A862B316F3}
		{0C222FB4-53F4-3960-8277-12E1607B5362} = {0C222FB4-53F4-3960-8277-12E1607B5362}
		{08AC78C5-C93C-3385-8286-2964A679A5F6} = {08AC78C5-C93C-3385-8286-2964A679A5F6}
		{3B7EBB32-C8BA-3888-BC60-1E32734C4422} = {3B7EBB32-C8BA-3888-BC60-1E32734C4422}
		{B28B9E07-9C92-3D8E-BBDB-EE42AC589D4F} = {B28B9E07-9C92-3D8E-BBDB-EE42AC589D4F}
		{2BA9EF6A-A42A-3C44-A71D-6D2BD1B3108B} = {2BA9EF6A-A42A-3C44-A71D-6D2BD1B3108B}
		{32E97EFF-AA63-3A55-BF4A-7013FD9719AE} = {32E97EFF-AA63-3A55-BF4A-7013FD9719AE}
		{34A2A5CE-AE20-3E1E-8EBB-9053017FC394} = {34A2A5CE-AE20-3E1E-8EBB-9053017FC394}
		{B3144CBA-5171-3540-A0E8-3E47DEDDAA0A} = {B3144CBA-5171-3540-A0E8-3E47DEDDAA0A}
		{83EF0EA9-0404-327F-8AE2-B4542C1BAF45} = {83EF0EA9-0404-327F-8AE2-B4542C1BAF45}
		{4BB1D819-C310-3EA6-BE0D-C3E82E1210F2} = {4BB1D819-C310-3EA6-BE0D-C3E82E1210F2}
		{A966667D-F732-331B-8D70-7DCFEB2C0017} = {A966667D-F732-331B-8D70-7DCFEB2C0017}
		{0C7DAF38-931C-3010-8D6F-89ABB1912618} = {0C7DAF38-931C-3010-8D6F-89ABB1912618}
		{9802CDF9-0942-356C-8358-3D2FEB70A758} = {9802CDF9-0942-356C-8358-3D2FEB70A758}
		{F778F2DD-E414-3B17-82B5-656DF909C105} = {F778F2DD-E414-3B17-82B5-656DF909C105}
		{63F8BF7F-7D83-3C3C-B785-E9DA70CEBD08} = {63F8BF7F-7D83-3C3C-B785-E9DA70CEBD08}
		{D780AA52-435E-3253-86D8-2170B10043CC} = {D780AA52-435E-3253-86D8-2170B10043CC}
		{0D03A524-4525-32E6-A570-E0A021B8E4C4} = {0D03A524-4525-32E6-A570-E0A021B8E4C4}
		{5F2D4417-2EE4-3386-989B-D35EC59A6D5B} = {5F2D4417-2EE4-3386-989B-D35EC59A6D5B}
		{C6D570B9-6AA4-3F45-BDBC-3E4583570B79} = {C6D570B9-6AA4-3F45-BDBC-3E4583570B79}
		{CA0D99A8-C78E-3818-B8CA-BE1EE0791FC6} = {CA0D99A8-C78E-3818-B8CA-BE1EE0791FC6}
		{748D1ABC-8939-302A-A0CC-AEF8CC3FA336} = {748D1ABC-8939-302A-A0CC-AEF8CC3FA336}
		{5599C93A-A576-39EC-8713-05170C139D36} = {5599C93A-A576-39EC-8713-05170C139D36}
		{4070FBC2-AD4F-36C9-B150-A7FE99A26C4D} = {4070FBC2-AD4F-36C9-B150-A7FE99A26C4D}
		{C6664224-DE33-3151-9E47-6FD7C46A6240} = {C6664224-DE33-3151-9E47-6FD7C46A6240}
		{EA53BB8C-69BE-3E33-8647-D08A667BC029} = {EA53BB8C-69BE-3E33-8647-D08A667BC029}
		{A5E872D1-F016-34BD-BA73-4DFBA2A65498} = {A5E872D1-F016-34BD-BA73-4DFBA2A65498}
		{E48C0455-FC3C-39A7-8504-35D11BE65650} = {E48C0455-FC3C-39A7-8504-35D11BE65650}
		{5AF6A3A6-2926-35CD-8E9F-326A81C76587} = {5AF6A3A6-2926-35CD-8E9F-326A81C76587}
		{D337A7E6-446D-3FD3-8611-AAE8AE1A8E57} = {D337A7E6-446D-3FD3-8611-AAE8AE1A8E57}
		{D06EC19E-9437-3624-9A3A-50338C136D44} = {D06EC19E-9437-3624-9A3A-50338C136D44}
	EndProjectSection
EndProject
Project("{8BC9CEB8-8B4A-11D0-8D11-00A0C91BC942}") = "ANTTWEAKBAR_116_OGLCORE_GLFW", "external\ANTTWEAKBAR_116_OGLCORE_GLFW.vcxproj", "{408F2FFF-1F62-3284-AFDE-E3C54154945E}"
	ProjectSection(ProjectDependencies) = postProject
		{9D17E9B1-D11B-3010-8C96-8E4FDB714A65} = {9D17E9B1-D11B-3010-8C96-8E4FDB714A65}
	EndProjectSection
EndProject
Project("{8BC9CEB8-8B4A-11D0-8D11-00A0C91BC942}") = "BulletCollision", "external\bullet-2.81-rev2613\src\BulletCollision\BulletCollision.vcxproj", "{32F58968-E151-322B-A2D6-8F7F94EBE323}"
	ProjectSection(ProjectDependencies) = postProject
		{9D17E9B1-D11B-3010-8C96-8E4FDB714A65} = {9D17E9B1-D11B-3010-8C96-8E4FDB714A65}
	EndProjectSection
EndProject
Project("{8BC9CEB8-8B4A-11D0-8D11-00A0C91BC942}") = "BulletDynamics", "external\bullet-2.81-rev2613\src\BulletDynamics\BulletDynamics.vcxproj", "{E544968F-EBE4-35FE-9A59-41FBAA58A74D}"
	ProjectSection(ProjectDependencies) = postProject
		{9D17E9B1-D11B-3010-8C96-8E4FDB714A65} = {9D17E9B1-D11B-3010-8C96-8E4FDB714A65}
	EndProjectSection
EndProject
Project("{8BC9CEB8-8B4A-11D0-8D11-00A0C91BC942}") = "BulletSoftBody", "external\bullet-2.81-rev2613\src\BulletSoftBody\BulletSoftBody.vcxproj", "{F8A623D3-FCD1-3EAA-AE59-A632E78135AF}"
	ProjectSection(ProjectDependencies) = postProject
		{9D17E9B1-D11B-3010-8C96-8E4FDB714A65} = {9D17E9B1-D11B-3010-8C96-8E4FDB714A65}
	EndProjectSection
EndProject
Project("{8BC9CEB8-8B4A-11D0-8D11-00A0C91BC942}") = "GLEW_1130", "external\GLEW_1130.vcxproj", "{323CD6F4-703A-33F2-A3C6-FA84E70D3EE2}"
	ProjectSection(ProjectDependencies) = postProject
		{9D17E9B1-D11B-3010-8C96-8E4FDB714A65} = {9D17E9B1-D11B-3010-8C96-8E4FDB714A65}
	EndProjectSection
EndProject
Project("{8BC9CEB8-8B4A-11D0-8D11-00A0C91BC942}") = "INSTALL", "INSTALL.vcxproj", "{107110F5-89DA-36C8-A925-490C7D900038}"
	ProjectSection(ProjectDependencies) = postProject
		{60D45503-CFB2-36D6-B58A-245563C7234A} = {60D45503-CFB2-36D6-B58A-245563C7234A}
		{9D17E9B1-D11B-3010-8C96-8E4FDB714A65} = {9D17E9B1-D11B-3010-8C96-8E4FDB714A65}
	EndProjectSection
EndProject
Project("{8BC9CEB8-8B4A-11D0-8D11-00A0C91BC942}") = "LinearMath", "external\bullet-2.81-rev2613\src\LinearMath\LinearMath.vcxproj", "{67B90986-FAAB-3BDF-A3D9-6ECB7BCB6FF7}"
	ProjectSection(ProjectDependencies) = postProject
		{9D17E9B1-D11B-3010-8C96-8E4FDB714A65} = {9D17E9B1-D11B-3010-8C96-8E4FDB714A65}
	EndProjectSection
EndProject
Project("{8BC9CEB8-8B4A-11D0-8D11-00A0C91BC942}") = "ZERO_CHECK", "ZERO_CHECK.vcxproj", "{9D17E9B1-D11B-3010-8C96-8E4FDB714A65}"
	ProjectSection(ProjectDependencies) = postProject
	EndProjectSection
EndProject
Project("{8BC9CEB8-8B4A-11D0-8D11-00A0C91BC942}") = "assimp", "external\assimp-3.0.1270\code\assimp.vcxproj", "{F618C454-6B42-39B6-B745-5A861B81EA02}"
	ProjectSection(ProjectDependencies) = postProject
		{9D17E9B1-D11B-3010-8C96-8E4FDB714A65} = {9D17E9B1-D11B-3010-8C96-8E4FDB714A65}
		{D06EC19E-9437-3624-9A3A-50338C136D44} = {D06EC19E-9437-3624-9A3A-50338C136D44}
	EndProjectSection
EndProject
Project("{8BC9CEB8-8B4A-11D0-8D11-00A0C91BC942}") = "boing", "external\glfw-3.1.2\examples\boing.vcxproj", "{88B70BA4-C2A6-3FE9-8048-96CB89F928E8}"
	ProjectSection(ProjectDependencies) = postProject
		{9D17E9B1-D11B-3010-8C96-8E4FDB714A65} = {9D17E9B1-D11B-3010-8C96-8E4FDB714A65}
		{411FEA3E-FC8E-3FB0-B958-5C244F7D2C67} = {411FEA3E-FC8E-3FB0-B958-5C244F7D2C67}
	EndProjectSection
EndProject
Project("{8BC9CEB8-8B4A-11D0-8D11-00A0C91BC942}") = "clipboard", "external\glfw-3.1.2\tests\clipboard.vcxproj", "{94F531DD-0278-3E32-8B15-79912FDF8B64}"
	ProjectSection(ProjectDependencies) = postProject
		{9D17E9B1-D11B-3010-8C96-8E4FDB714A65} = {9D17E9B1-D11B-3010-8C96-8E4FDB714A65}
		{411FEA3E-FC8E-3FB0-B958-5C244F7D2C67} = {411FEA3E-FC8E-3FB0-B958-5C244F7D2C67}
	EndProjectSection
EndProject
Project("{8BC9CEB8-8B4A-11D0-8D11-00A0C91BC942}") = "cursor", "external\glfw-3.1.2\tests\cursor.vcxproj", "{9782F9B5-F8C2-39D5-8571-ABBABF14EC9C}"
	ProjectSection(ProjectDependencies) = postProject
		{9D17E9B1-D11B-3010-8C96-8E4FDB714A65} = {9D17E9B1-D11B-3010-8C96-8E4FDB714A65}
		{411FEA3E-FC8E-3FB0-B958-5C244F7D2C67} = {411FEA3E-FC8E-3FB0-B958-5C244F7D2C67}
	EndProjectSection
EndProject
Project("{8BC9CEB8-8B4A-11D0-8D11-00A0C91BC942}") = "empty", "external\glfw-3.1.2\tests\empty.vcxproj", "{591B137D-4993-3B32-99F0-F03CAC3FF80B}"
	ProjectSection(ProjectDependencies) = postProject
		{9D17E9B1-D11B-3010-8C96-8E4FDB714A65} = {9D17E9B1-D11B-3010-8C96-8E4FDB714A65}
		{411FEA3E-FC8E-3FB0-B958-5C244F7D2C67} = {411FEA3E-FC8E-3FB0-B958-5C244F7D2C67}
	EndProjectSection
EndProject
Project("{8BC9CEB8-8B4A-11D0-8D11-00A0C91BC942}") = "events", "external\glfw-3.1.2\tests\events.vcxproj", "{6A8716FD-81F2-31B2-AA62-92A17E3D728D}"
	ProjectSection(ProjectDependencies) = postProject
		{9D17E9B1-D11B-3010-8C96-8E4FDB714A65} = {9D17E9B1-D11B-3010-8C96-8E4FDB714A65}
		{411FEA3E-FC8E-3FB0-B958-5C244F7D2C67} = {411FEA3E-FC8E-3FB0-B958-5C244F7D2C67}
	EndProjectSection
EndProject
Project("{8BC9CEB8-8B4A-11D0-8D11-00A0C91BC942}") = "gamma", "external\glfw-3.1.2\tests\gamma.vcxproj", "{E16D117E-C19B-3F8D-9D7A-01D564B6E6FF}"
	ProjectSection(ProjectDependencies) = postProject
		{9D17E9B1-D11B-3010-8C96-8E4FDB714A65} = {9D17E9B1-D11B-3010-8C96-8E4FDB714A65}
		{411FEA3E-FC8E-3FB0-B958-5C244F7D2C67} = {411FEA3E-FC8E-3FB0-B958-5C244F7D2C67}
	EndProjectSection
EndProject
Project("{8BC9CEB8-8B4A-11D0-8D11-00A0C91BC942}") = "gears", "external\glfw-3.1.2\examples\gears.vcxproj", "{E0AB6944-E44D-3298-B2C5-9FB2BA4DA465}"
	ProjectSection(ProjectDependencies) = postProject
		{9D17E9B1-D11B-3010-8C96-8E4FDB714A65} = {9D17E9B1-D11B-3010-8C96-8E4FDB714A65}
		{411FEA3E-FC8E-3FB0-B958-5C244F7D2C67} = {411FEA3E-FC8E-3FB0-B958-5C244F7D2C67}
	EndProjectSection
EndProject
Project("{8BC9CEB8-8B4A-11D0-8D11-00A0C91BC942}") = "glfw", "external\glfw-3.1.2\src\glfw.vcxproj", "{411FEA3E-FC8E-3FB0-B958-5C244F7D2C67}"
	ProjectSection(ProjectDependencies) = postProject
		{9D17E9B1-D11B-3010-8C96-8E4FDB714A65} = {9D17E9B1-D11B-3010-8C96-8E4FDB714A65}
	EndProjectSection
EndProject
Project("{8BC9CEB8-8B4A-11D0-8D11-00A0C91BC942}") = "glfwinfo", "external\glfw-3.1.2\tests\glfwinfo.vcxproj", "{604A6FFB-DB02-339E-BFD8-F047512255FC}"
	ProjectSection(ProjectDependencies) = postProject
		{9D17E9B1-D11B-3010-8C96-8E4FDB714A65} = {9D17E9B1-D11B-3010-8C96-8E4FDB714A65}
		{411FEA3E-FC8E-3FB0-B958-5C244F7D2C67} = {411FEA3E-FC8E-3FB0-B958-5C244F7D2C67}
	EndProjectSection
EndProject
Project("{8BC9CEB8-8B4A-11D0-8D11-00A0C91BC942}") = "heightmap", "external\glfw-3.1.2\examples\heightmap.vcxproj", "{9673F967-6D79-362A-90EE-CC062E6C829E}"
	ProjectSection(ProjectDependencies) = postProject
		{9D17E9B1-D11B-3010-8C96-8E4FDB714A65} = {9D17E9B1-D11B-3010-8C96-8E4FDB714A65}
		{411FEA3E-FC8E-3FB0-B958-5C244F7D2C67} = {411FEA3E-FC8E-3FB0-B958-5C244F7D2C67}
	EndProjectSection
EndProject
Project("{8BC9CEB8-8B4A-11D0-8D11-00A0C91BC942}") = "iconify", "external\glfw-3.1.2\tests\iconify.vcxproj", "{1294237B-ED10-39CC-A53A-7689EBE9E736}"
	ProjectSection(ProjectDependencies) = postProject
		{9D17E9B1-D11B-3010-8C96-8E4FDB714A65} = {9D17E9B1-D11B-3010-8C96-8E4FDB714A65}
		{411FEA3E-FC8E-3FB0-B958-5C244F7D2C67} = {411FEA3E-FC8E-3FB0-B958-5C244F7D2C67}
	EndProjectSection
EndProject
Project("{8BC9CEB8-8B4A-11D0-8D11-00A0C91BC942}") = "joysticks", "external\glfw-3.1.2\tests\joysticks.vcxproj", "{CED0213A-2406-3256-A9CE-A00E2B50933E}"
	ProjectSection(ProjectDependencies) = postProject
		{9D17E9B1-D11B-3010-8C96-8E4FDB714A65} = {9D17E9B1-D11B-3010-8C96-8E4FDB714A65}
		{411FEA3E-FC8E-3FB0-B958-5C244F7D2C67} = {411FEA3E-FC8E-3FB0-B958-5C244F7D2C67}
	EndProjectSection
EndProject
Project("{8BC9CEB8-8B4A-11D0-8D11-00A0C91BC942}") = "misc05_picking_BulletPhysics", "misc05_picking_BulletPhysics.vcxproj", "{56ACE015-7FC8-358E-88B8-10DDFFB83047}"
	ProjectSection(ProjectDependencies) = postProject
		{408F2FFF-1F62-3284-AFDE-E3C54154945E} = {408F2FFF-1F62-3284-AFDE-E3C54154945E}
		{32F58968-E151-322B-A2D6-8F7F94EBE323} = {32F58968-E151-322B-A2D6-8F7F94EBE323}
		{E544968F-EBE4-35FE-9A59-41FBAA58A74D} = {E544968F-EBE4-35FE-9A59-41FBAA58A74D}
		{323CD6F4-703A-33F2-A3C6-FA84E70D3EE2} = {323CD6F4-703A-33F2-A3C6-FA84E70D3EE2}
		{67B90986-FAAB-3BDF-A3D9-6ECB7BCB6FF7} = {67B90986-FAAB-3BDF-A3D9-6ECB7BCB6FF7}
		{9D17E9B1-D11B-3010-8C96-8E4FDB714A65} = {9D17E9B1-D11B-3010-8C96-8E4FDB714A65}
		{411FEA3E-FC8E-3FB0-B958-5C244F7D2C67} = {411FEA3E-FC8E-3FB0-B958-5C244F7D2C67}
	EndProjectSection
EndProject
Project("{8BC9CEB8-8B4A-11D0-8D11-00A0C91BC942}") = "misc05_picking_custom", "misc05_picking_custom.vcxproj", "{C280CC0F-6FFD-360D-9CAC-E68EFFF5816F}"
	ProjectSection(ProjectDependencies) = postProject
		{408F2FFF-1F62-3284-AFDE-E3C54154945E} = {408F2FFF-1F62-3284-AFDE-E3C54154945E}
		{323CD6F4-703A-33F2-A3C6-FA84E70D3EE2} = {323CD6F4-703A-33F2-A3C6-FA84E70D3EE2}
		{9D17E9B1-D11B-3010-8C96-8E4FDB714A65} = {9D17E9B1-D11B-3010-8C96-8E4FDB714A65}
		{411FEA3E-FC8E-3FB0-B958-5C244F7D2C67} = {411FEA3E-FC8E-3FB0-B958-5C244F7D2C67}
	EndProjectSection
EndProject
Project("{8BC9CEB8-8B4A-11D0-8D11-00A0C91BC942}") = "misc05_picking_slow_easy", "misc05_picking_slow_easy.vcxproj", "{4270733F-754B-364F-8F12-1CD3E14645B1}"
	ProjectSection(ProjectDependencies) = postProject
		{408F2FFF-1F62-3284-AFDE-E3C54154945E} = {408F2FFF-1F62-3284-AFDE-E3C54154945E}
		{323CD6F4-703A-33F2-A3C6-FA84E70D3EE2} = {323CD6F4-703A-33F2-A3C6-FA84E70D3EE2}
		{9D17E9B1-D11B-3010-8C96-8E4FDB714A65} = {9D17E9B1-D11B-3010-8C96-8E4FDB714A65}
		{411FEA3E-FC8E-3FB0-B958-5C244F7D2C67} = {411FEA3E-FC8E-3FB0-B958-5C244F7D2C67}
	EndProjectSection
EndProject
Project("{8BC9CEB8-8B4A-11D0-8D11-00A0C91BC942}") = "monitors", "external\glfw-3.1.2\tests\monitors.vcxproj", "{CD4267D9-C2EE-3421-9C28-402F6044942F}"
	ProjectSection(ProjectDependencies) = postProject
		{9D17E9B1-D11B-3010-8C96-8E4FDB714A65} = {9D17E9B1-D11B-3010-8C96-8E4FDB714A65}
		{411FEA3E-FC8E-3FB0-B958-5C244F7D2C67} = {411FEA3E-FC8E-3FB0-B958-5C244F7D2C67}
	EndProjectSection
EndProject
Project("{8BC9CEB8-8B4A-11D0-8D11-00A0C91BC942}") = "msaa", "external\glfw-3.1.2\tests\msaa.vcxproj", "{45645A36-D4CF-37E7-A75F-2974A6E05BA3}"
	ProjectSection(ProjectDependencies) = postProject
		{9D17E9B1-D11B-3010-8C96-8E4FDB714A65} = {9D17E9B1-D11B-3010-8C96-8E4FDB714A65}
		{411FEA3E-FC8E-3FB0-B958-5C244F7D2C67} = {411FEA3E-FC8E-3FB0-B958-5C244F7D2C67}
	EndProjectSection
EndProject
Project("{8BC9CEB8-8B4A-11D0-8D11-00A0C91BC942}") = "particles", "external\glfw-3.1.2\examples\particles.vcxproj", "{6CC9DCA5-D025-3551-849E-5F3BF40BBD1B}"
	ProjectSection(ProjectDependencies) = postProject
		{9D17E9B1-D11B-3010-8C96-8E4FDB714A65} = {9D17E9B1-D11B-3010-8C96-8E4FDB714A65}
		{411FEA3E-FC8E-3FB0-B958-5C244F7D2C67} = {411FEA3E-FC8E-3FB0-B958-5C244F7D2C67}
	EndProjectSection
EndProject
Project("{8BC9CEB8-8B4A-11D0-8D11-00A0C91BC942}") = "playground", "playground.vcxproj", "{B2980F2C-9112-3F25-AF25-AB9B735B53E8}"
	ProjectSection(ProjectDependencies) = postProject
		{323CD6F4-703A-33F2-A3C6-FA84E70D3EE2} = {323CD6F4-703A-33F2-A3C6-FA84E70D3EE2}
		{9D17E9B1-D11B-3010-8C96-8E4FDB714A65} = {9D17E9B1-D11B-3010-8C96-8E4FDB714A65}
		{411FEA3E-FC8E-3FB0-B958-5C244F7D2C67} = {411FEA3E-FC8E-3FB0-B958-5C244F7D2C67}
	EndProjectSection
EndProject
Project("{8BC9CEB8-8B4A-11D0-8D11-00A0C91BC942}") = "reopen", "external\glfw-3.1.2\tests\reopen.vcxproj", "{1817B39F-FAFD-3F2D-8A8A-5CD99367F5DF}"
	ProjectSection(ProjectDependencies) = postProject
		{9D17E9B1-D11B-3010-8C96-8E4FDB714A65} = {9D17E9B1-D11B-3010-8C96-8E4FDB714A65}
		{411FEA3E-FC8E-3FB0-B958-5C244F7D2C67} = {411FEA3E-FC8E-3FB0-B958-5C244F7D2C67}
	EndProjectSection
EndProject
Project("{8BC9CEB8-8B4A-11D0-8D11-00A0C91BC942}") = "sharing", "external\glfw-3.1.2\tests\sharing.vcxproj", "{7D2BAE4C-D3B7-36B6-92F0-03A862B316F3}"
	ProjectSection(ProjectDependencies) = postProject
		{9D17E9B1-D11B-3010-8C96-8E4FDB714A65} = {9D17E9B1-D11B-3010-8C96-8E4FDB714A65}
		{411FEA3E-FC8E-3FB0-B958-5C244F7D2C67} = {411FEA3E-FC8E-3FB0-B958-5C244F7D2C67}
	EndProjectSection
EndProject
Project("{8BC9CEB8-8B4A-11D0-8D11-00A0C91BC942}") = "simple", "external\glfw-3.1.2\examples\simple.vcxproj", "{0C222FB4-53F4-3960-8277-12E1607B5362}"
	ProjectSection(ProjectDependencies) = postProject
		{9D17E9B1-D11B-3010-8C96-8E4FDB714A65} = {9D17E9B1-D11B-3010-8C96-8E4FDB714A65}
		{411FEA3E-FC8E-3FB0-B958-5C244F7D2C67} = {411FEA3E-FC8E-3FB0-B958-5C244F7D2C67}
	EndProjectSection
EndProject
Project("{8BC9CEB8-8B4A-11D0-8D11-00A0C91BC942}") = "splitview", "external\glfw-3.1.2\examples\splitview.vcxproj", "{08AC78C5-C93C-3385-8286-2964A679A5F6}"
	ProjectSection(ProjectDependencies) = postProject
		{9D17E9B1-D11B-3010-8C96-8E4FDB714A65} = {9D17E9B1-D11B-3010-8C96-8E4FDB714A65}
		{411FEA3E-FC8E-3FB0-B958-5C244F7D2C67} = {411FEA3E-FC8E-3FB0-B958-5C244F7D2C67}
	EndProjectSection
EndProject
Project("{8BC9CEB8-8B4A-11D0-8D11-00A0C91BC942}") = "tearing", "external\glfw-3.1.2\tests\tearing.vcxproj", "{3B7EBB32-C8BA-3888-BC60-1E32734C4422}"
	ProjectSection(ProjectDependencies) = postProject
		{9D17E9B1-D11B-3010-8C96-8E4FDB714A65} = {9D17E9B1-D11B-3010-8C96-8E4FDB714A65}
		{411FEA3E-FC8E-3FB0-B958-5C244F7D2C67} = {411FEA3E-FC8E-3FB0-B958-5C244F7D2C67}
	EndProjectSection
EndProject
Project("{8BC9CEB8-8B4A-11D0-8D11-00A0C91BC942}") = "threads", "external\glfw-3.1.2\tests\threads.vcxproj", "{B28B9E07-9C92-3D8E-BBDB-EE42AC589D4F}"
	ProjectSection(ProjectDependencies) = postProject
		{9D17E9B1-D11B-3010-8C96-8E4FDB714A65} = {9D17E9B1-D11B-3010-8C96-8E4FDB714A65}
		{411FEA3E-FC8E-3FB0-B958-5C244F7D2C67} = {411FEA3E-FC8E-3FB0-B958-5C244F7D2C67}
	EndProjectSection
EndProject
Project("{8BC9CEB8-8B4A-11D0-8D11-00A0C91BC942}") = "title", "external\glfw-3.1.2\tests\title.vcxproj", "{2BA9EF6A-A42A-3C44-A71D-6D2BD1B3108B}"
	ProjectSection(ProjectDependencies) = postProject
		{9D17E9B1-D11B-3010-8C96-8E4FDB714A65} = {9D17E9B1-D11B-3010-8C96-8E4FDB714A65}
		{411FEA3E-FC8E-3FB0-B958-5C244F7D2C67} = {411FEA3E-FC8E-3FB0-B958-5C244F7D2C67}
	EndProjectSection
EndProject
Project("{8BC9CEB8-8B4A-11D0-8D11-00A0C91BC942}") = "tutorial01_first_window", "tutorial01_first_window.vcxproj", "{32E97EFF-AA63-3A55-BF4A-7013FD9719AE}"
	ProjectSection(ProjectDependencies) = postProject
		{323CD6F4-703A-33F2-A3C6-FA84E70D3EE2} = {323CD6F4-703A-33F2-A3C6-FA84E70D3EE2}
		{9D17E9B1-D11B-3010-8C96-8E4FDB714A65} = {9D17E9B1-D11B-3010-8C96-8E4FDB714A65}
		{411FEA3E-FC8E-3FB0-B958-5C244F7D2C67} = {411FEA3E-FC8E-3FB0-B958-5C244F7D2C67}
	EndProjectSection
EndProject
Project("{8BC9CEB8-8B4A-11D0-8D11-00A0C91BC942}") = "tutorial02_red_triangle", "tutorial02_red_triangle.vcxproj", "{34A2A5CE-AE20-3E1E-8EBB-9053017FC394}"
	ProjectSection(ProjectDependencies) = postProject
		{323CD6F4-703A-33F2-A3C6-FA84E70D3EE2} = {323CD6F4-703A-33F2-A3C6-FA84E70D3EE2}
		{9D17E9B1-D11B-3010-8C96-8E4FDB714A65} = {9D17E9B1-D11B-3010-8C96-8E4FDB714A65}
		{411FEA3E-FC8E-3FB0-B958-5C244F7D2C67} = {411FEA3E-FC8E-3FB0-B958-5C244F7D2C67}
	EndProjectSection
EndProject
Project("{8BC9CEB8-8B4A-11D0-8D11-00A0C91BC942}") = "tutorial03_matrices", "tutorial03_matrices.vcxproj", "{B3144CBA-5171-3540-A0E8-3E47DEDDAA0A}"
	ProjectSection(ProjectDependencies) = postProject
		{323CD6F4-703A-33F2-A3C6-FA84E70D3EE2} = {323CD6F4-703A-33F2-A3C6-FA84E70D3EE2}
		{9D17E9B1-D11B-3010-8C96-8E4FDB714A65} = {9D17E9B1-D11B-3010-8C96-8E4FDB714A65}
		{411FEA3E-FC8E-3FB0-B958-5C244F7D2C67} = {411FEA3E-FC8E-3FB0-B958-5C244F7D2C67}
	EndProjectSection
EndProject
Project("{8BC9CEB8-8B4A-11D0-8D11-00A0C91BC942}") = "tutorial04_colored_cube", "tutorial04_colored_cube.vcxproj", "{83EF0EA9-0404-327F-8AE2-B4542C1BAF45}"
	ProjectSection(ProjectDependencies) = postProject
		{323CD6F4-703A-33F2-A3C6-FA84E70D3EE2} = {323CD6F4-703A-33F2-A3C6-FA84E70D3EE2}
		{9D17E9B1-D11B-3010-8C96-8E4FDB714A65} = {9D17E9B1-D11B-3010-8C96-8E4FDB714A65}
		{411FEA3E-FC8E-3FB0-B958-5C244F7D2C67} = {411FEA3E-FC8E-3FB0-B958-5C244F7D2C67}
	EndProjectSection
EndProject
Project("{8BC9CEB8-8B4A-11D0-8D11-00A0C91BC942}") = "tutorial05_textured_cube", "tutorial05_textured_cube.vcxproj", "{4BB1D819-C310-3EA6-BE0D-C3E82E1210F2}"
	ProjectSection(ProjectDependencies) = postProject
		{323CD6F4-703A-33F2-A3C6-FA84E70D3EE2} = {323CD6F4-703A-33F2-A3C6-FA84E70D3EE2}
		{9D17E9B1-D11B-3010-8C96-8E4FDB714A65} = {9D17E9B1-D11B-3010-8C96-8E4FDB714A65}
		{411FEA3E-FC8E-3FB0-B958-5C244F7D2C67} = {411FEA3E-FC8E-3FB0-B958-5C244F7D2C67}
	EndProjectSection
EndProject
Project("{8BC9CEB8-8B4A-11D0-8D11-00A0C91BC942}") = "tutorial06_keyboard_and_mouse", "tutorial06_keyboard_and_mouse.vcxproj", "{A966667D-F732-331B-8D70-7DCFEB2C0017}"
	ProjectSection(ProjectDependencies) = postProject
		{323CD6F4-703A-33F2-A3C6-FA84E70D3EE2} = {323CD6F4-703A-33F2-A3C6-FA84E70D3EE2}
		{9D17E9B1-D11B-3010-8C96-8E4FDB714A65} = {9D17E9B1-D11B-3010-8C96-8E4FDB714A65}
		{411FEA3E-FC8E-3FB0-B958-5C244F7D2C67} = {411FEA3E-FC8E-3FB0-B958-5C244F7D2C67}
	EndProjectSection
EndProject
Project("{8BC9CEB8-8B4A-11D0-8D11-00A0C91BC942}") = "tutorial07_model_loading", "tutorial07_model_loading.vcxproj", "{0C7DAF38-931C-3010-8D6F-89ABB1912618}"
	ProjectSection(ProjectDependencies) = postProject
		{323CD6F4-703A-33F2-A3C6-FA84E70D3EE2} = {323CD6F4-703A-33F2-A3C6-FA84E70D3EE2}
		{9D17E9B1-D11B-3010-8C96-8E4FDB714A65} = {9D17E9B1-D11B-3010-8C96-8E4FDB714A65}
		{411FEA3E-FC8E-3FB0-B958-5C244F7D2C67} = {411FEA3E-FC8E-3FB0-B958-5C244F7D2C67}
	EndProjectSection
EndProject
Project("{8BC9CEB8-8B4A-11D0-8D11-00A0C91BC942}") = "tutorial08_basic_shading", "tutorial08_basic_shading.vcxproj", "{9802CDF9-0942-356C-8358-3D2FEB70A758}"
	ProjectSection(ProjectDependencies) = postProject
		{323CD6F4-703A-33F2-A3C6-FA84E70D3EE2} = {323CD6F4-703A-33F2-A3C6-FA84E70D3EE2}
		{9D17E9B1-D11B-3010-8C96-8E4FDB714A65} = {9D17E9B1-D11B-3010-8C96-8E4FDB714A65}
		{411FEA3E-FC8E-3FB0-B958-5C244F7D2C67} = {411FEA3E-FC8E-3FB0-B958-5C244F7D2C67}
	EndProjectSection
EndProject
Project("{8BC9CEB8-8B4A-11D0-8D11-00A0C91BC942}") = "tutorial09_AssImp", "tutorial09_AssImp.vcxproj", "{F778F2DD-E414-3B17-82B5-656DF909C105}"
	ProjectSection(ProjectDependencies) = postProject
		{323CD6F4-703A-33F2-A3C6-FA84E70D3EE2} = {323CD6F4-703A-33F2-A3C6-FA84E70D3EE2}
		{9D17E9B1-D11B-3010-8C96-8E4FDB714A65} = {9D17E9B1-D11B-3010-8C96-8E4FDB714A65}
		{F618C454-6B42-39B6-B745-5A861B81EA02} = {F618C454-6B42-39B6-B745-5A861B81EA02}
		{411FEA3E-FC8E-3FB0-B958-5C244F7D2C67} = {411FEA3E-FC8E-3FB0-B958-5C244F7D2C67}
		{D06EC19E-9437-3624-9A3A-50338C136D44} = {D06EC19E-9437-3624-9A3A-50338C136D44}
	EndProjectSection
EndProject
Project("{8BC9CEB8-8B4A-11D0-8D11-00A0C91BC942}") = "tutorial09_several_objects", "tutorial09_several_objects.vcxproj", "{63F8BF7F-7D83-3C3C-B785-E9DA70CEBD08}"
	ProjectSection(ProjectDependencies) = postProject
		{323CD6F4-703A-33F2-A3C6-FA84E70D3EE2} = {323CD6F4-703A-33F2-A3C6-FA84E70D3EE2}
		{9D17E9B1-D11B-3010-8C96-8E4FDB714A65} = {9D17E9B1-D11B-3010-8C96-8E4FDB714A65}
		{411FEA3E-FC8E-3FB0-B958-5C244F7D2C67} = {411FEA3E-FC8E-3FB0-B958-5C244F7D2C67}
	EndProjectSection
EndProject
Project("{8BC9CEB8-8B4A-11D0-8D11-00A0C91BC942}") = "tutorial09_vbo_indexing", "tutorial09_vbo_indexing.vcxproj", "{D780AA52-435E-3253-86D8-2170B10043CC}"
	ProjectSection(ProjectDependencies) = postProject
		{323CD6F4-703A-33F2-A3C6-FA84E70D3EE2} = {323CD6F4-703A-33F2-A3C6-FA84E70D3EE2}
		{9D17E9B1-D11B-3010-8C96-8E4FDB714A65} = {9D17E9B1-D11B-3010-8C96-8E4FDB714A65}
		{411FEA3E-FC8E-3FB0-B958-5C244F7D2C67} = {411FEA3E-FC8E-3FB0-B958-5C244F7D2C67}
	EndProjectSection
EndProject
Project("{8BC9CEB8-8B4A-11D0-8D11-00A0C91BC942}") = "tutorial10_transparency", "tutorial10_transparency.vcxproj", "{0D03A524-4525-32E6-A570-E0A021B8E4C4}"
	ProjectSection(ProjectDependencies) = postProject
		{323CD6F4-703A-33F2-A3C6-FA84E70D3EE2} = {323CD6F4-703A-33F2-A3C6-FA84E70D3EE2}
		{9D17E9B1-D11B-3010-8C96-8E4FDB714A65} = {9D17E9B1-D11B-3010-8C96-8E4FDB714A65}
		{411FEA3E-FC8E-3FB0-B958-5C244F7D2C67} = {411FEA3E-FC8E-3FB0-B958-5C244F7D2C67}
	EndProjectSection
EndProject
Project("{8BC9CEB8-8B4A-11D0-8D11-00A0C91BC942}") = "tutorial11_2d_fonts", "tutorial11_2d_fonts.vcxproj", "{5F2D4417-2EE4-3386-989B-D35EC59A6D5B}"
	ProjectSection(ProjectDependencies) = postProject
		{323CD6F4-703A-33F2-A3C6-FA84E70D3EE2} = {323CD6F4-703A-33F2-A3C6-FA84E70D3EE2}
		{9D17E9B1-D11B-3010-8C96-8E4FDB714A65} = {9D17E9B1-D11B-3010-8C96-8E4FDB714A65}
		{411FEA3E-FC8E-3FB0-B958-5C244F7D2C67} = {411FEA3E-FC8E-3FB0-B958-5C244F7D2C67}
	EndProjectSection
EndProject
Project("{8BC9CEB8-8B4A-11D0-8D11-00A0C91BC942}") = "tutorial12_extensions", "tutorial12_extensions.vcxproj", "{C6D570B9-6AA4-3F45-BDBC-3E4583570B79}"
	ProjectSection(ProjectDependencies) = postProject
		{323CD6F4-703A-33F2-A3C6-FA84E70D3EE2} = {323CD6F4-703A-33F2-A3C6-FA84E70D3EE2}
		{9D17E9B1-D11B-3010-8C96-8E4FDB714A65} = {9D17E9B1-D11B-3010-8C96-8E4FDB714A65}
		{411FEA3E-FC8E-3FB0-B958-5C244F7D2C67} = {411FEA3E-FC8E-3FB0-B958-5C244F7D2C67}
	EndProjectSection
EndProject
Project("{8BC9CEB8-8B4A-11D0-8D11-00A0C91BC942}") = "tutorial13_normal_mapping", "tutorial13_normal_mapping.vcxproj", "{CA0D99A8-C78E-3818-B8CA-BE1EE0791FC6}"
	ProjectSection(ProjectDependencies) = postProject
		{323CD6F4-703A-33F2-A3C6-FA84E70D3EE2} = {323CD6F4-703A-33F2-A3C6-FA84E70D3EE2}
		{9D17E9B1-D11B-3010-8C96-8E4FDB714A65} = {9D17E9B1-D11B-3010-8C96-8E4FDB714A65}
		{411FEA3E-FC8E-3FB0-B958-5C244F7D2C67} = {411FEA3E-FC8E-3FB0-B958-5C244F7D2C67}
	EndProjectSection
EndProject
Project("{8BC9CEB8-8B4A-11D0-8D11-00A0C91BC942}") = "tutorial14_render_to_texture", "tutorial14_render_to_texture.vcxproj", "{748D1ABC-8939-302A-A0CC-AEF8CC3FA336}"
	ProjectSection(ProjectDependencies) = postProject
		{323CD6F4-703A-33F2-A3C6-FA84E70D3EE2} = {323CD6F4-703A-33F2-A3C6-FA84E70D3EE2}
		{9D17E9B1-D11B-3010-8C96-8E4FDB714A65} = {9D17E9B1-D11B-3010-8C96-8E4FDB714A65}
		{411FEA3E-FC8E-3FB0-B958-5C244F7D2C67} = {411FEA3E-FC8E-3FB0-B958-5C244F7D2C67}
	EndProjectSection
EndProject
Project("{8BC9CEB8-8B4A-11D0-8D11-00A0C91BC942}") = "tutorial15_lightmaps", "tutorial15_lightmaps.vcxproj", "{5599C93A-A576-39EC-8713-05170C139D36}"
	ProjectSection(ProjectDependencies) = postProject
		{323CD6F4-703A-33F2-A3C6-FA84E70D3EE2} = {323CD6F4-703A-33F2-A3C6-FA84E70D3EE2}
		{9D17E9B1-D11B-3010-8C96-8E4FDB714A65} = {9D17E9B1-D11B-3010-8C96-8E4FDB714A65}
		{411FEA3E-FC8E-3FB0-B958-5C244F7D2C67} = {411FEA3E-FC8E-3FB0-B958-5C244F7D2C67}
	EndProjectSection
EndProject
Project("{8BC9CEB8-8B4A-11D0-8D11-00A0C91BC942}") = "tutorial16_shadowmaps", "tutorial16_shadowmaps.vcxproj", "{4070FBC2-AD4F-36C9-B150-A7FE99A26C4D}"
	ProjectSection(ProjectDependencies) = postProject
		{323CD6F4-703A-33F2-A3C6-FA84E70D3EE2} = {323CD6F4-703A-33F2-A3C6-FA84E70D3EE2}
		{9D17E9B1-D11B-3010-8C96-8E4FDB714A65} = {9D17E9B1-D11B-3010-8C96-8E4FDB714A65}
		{411FEA3E-FC8E-3FB0-B958-5C244F7D2C67} = {411FEA3E-FC8E-3FB0-B958-5C244F7D2C67}
	EndProjectSection
EndProject
Project("{8BC9CEB8-8B4A-11D0-8D11-00A0C91BC942}") = "tutorial16_shadowmaps_simple", "tutorial16_shadowmaps_simple.vcxproj", "{C6664224-DE33-3151-9E47-6FD7C46A6240}"
	ProjectSection(ProjectDependencies) = postProject
		{323CD6F4-703A-33F2-A3C6-FA84E70D3EE2} = {323CD6F4-703A-33F2-A3C6-FA84E70D3EE2}
		{9D17E9B1-D11B-3010-8C96-8E4FDB714A65} = {9D17E9B1-D11B-3010-8C96-8E4FDB714A65}
		{411FEA3E-FC8E-3FB0-B958-5C244F7D2C67} = {411FEA3E-FC8E-3FB0-B958-5C244F7D2C67}
	EndProjectSection
EndProject
Project("{8BC9CEB8-8B4A-11D0-8D11-00A0C91BC942}") = "tutorial17_rotations", "tutorial17_rotations.vcxproj", "{EA53BB8C-69BE-3E33-8647-D08A667BC029}"
	ProjectSection(ProjectDependencies) = postProject
		{408F2FFF-1F62-3284-AFDE-E3C54154945E} = {408F2FFF-1F62-3284-AFDE-E3C54154945E}
		{323CD6F4-703A-33F2-A3C6-FA84E70D3EE2} = {323CD6F4-703A-33F2-A3C6-FA84E70D3EE2}
		{9D17E9B1-D11B-3010-8C96-8E4FDB714A65} = {9D17E9B1-D11B-3010-8C96-8E4FDB714A65}
		{411FEA3E-FC8E-3FB0-B958-5C244F7D2C67} = {411FEA3E-FC8E-3FB0-B958-5C244F7D2C67}
	EndProjectSection
EndProject
Project("{8BC9CEB8-8B4A-11D0-8D11-00A0C91BC942}") = "tutorial18_billboards", "tutorial18_billboards.vcxproj", "{A5E872D1-F016-34BD-BA73-4DFBA2A65498}"
	ProjectSection(ProjectDependencies) = postProject
		{323CD6F4-703A-33F2-A3C6-FA84E70D3EE2} = {323CD6F4-703A-33F2-A3C6-FA84E70D3EE2}
		{9D17E9B1-D11B-3010-8C96-8E4FDB714A65} = {9D17E9B1-D11B-3010-8C96-8E4FDB714A65}
		{411FEA3E-FC8E-3FB0-B958-5C244F7D2C67} = {411FEA3E-FC8E-3FB0-B958-5C244F7D2C67}
	EndProjectSection
EndProject
Project("{8BC9CEB8-8B4A-11D0-8D11-00A0C91BC942}") = "tutorial18_particles", "tutorial18_particles.vcxproj", "{E48C0455-FC3C-39A7-8504-35D11BE65650}"
	ProjectSection(ProjectDependencies) = postProject
		{323CD6F4-703A-33F2-A3C6-FA84E70D3EE2} = {323CD6F4-703A-33F2-A3C6-FA84E70D3EE2}
		{9D17E9B1-D11B-3010-8C96-8E4FDB714A65} = {9D17E9B1-D11B-3010-8C96-8E4FDB714A65}
		{411FEA3E-FC8E-3FB0-B958-5C244F7D2C67} = {411FEA3E-FC8E-3FB0-B958-5C244F7D2C67}
	EndProjectSection
EndProject
Project("{8BC9CEB8-8B4A-11D0-8D11-00A0C91BC942}") = "uninstall", "external\glfw-3.1.2\uninstall.vcxproj", "{AA79A64A-8202-37E7-927C-9BAF9A7746C3}"
	ProjectSection(ProjectDependencies) = postProject
		{9D17E9B1-D11B-3010-8C96-8E4FDB714A65} = {9D17E9B1-D11B-3010-8C96-8E4FDB714A65}
	EndProjectSection
EndProject
Project("{8BC9CEB8-8B4A-11D0-8D11-00A0C91BC942}") = "wave", "external\glfw-3.1.2\examples\wave.vcxproj", "{5AF6A3A6-2926-35CD-8E9F-326A81C76587}"
	ProjectSection(ProjectDependencies) = postProject
		{9D17E9B1-D11B-3010-8C96-8E4FDB714A65} = {9D17E9B1-D11B-3010-8C96-8E4FDB714A65}
		{411FEA3E-FC8E-3FB0-B958-5C244F7D2C67} = {411FEA3E-FC8E-3FB0-B958-5C244F7D2C67}
	EndProjectSection
EndProject
Project("{8BC9CEB8-8B4A-11D0-8D11-00A0C91BC942}") = "windows", "external\glfw-3.1.2\tests\windows.vcxproj", "{D337A7E6-446D-3FD3-8611-AAE8AE1A8E57}"
	ProjectSection(ProjectDependencies) = postProject
		{9D17E9B1-D11B-3010-8C96-8E4FDB714A65} = {9D17E9B1-D11B-3010-8C96-8E4FDB714A65}
		{411FEA3E-FC8E-3FB0-B958-5C244F7D2C67} = {411FEA3E-FC8E-3FB0-B958-5C244F7D2C67}
	EndProjectSection
EndProject
Project("{8BC9CEB8-8B4A-11D0-8D11-00A0C91BC942}") = "zlib", "external\assimp-3.0.1270\contrib\zlib\zlib.vcxproj", "{D06EC19E-9437-3624-9A3A-50338C136D44}"
	ProjectSection(ProjectDependencies) = postProject
		{9D17E9B1-D11B-3010-8C96-8E4FDB714A65} = {9D17E9B1-D11B-3010-8C96-8E4FDB714A65}
	EndProjectSection
EndProject
Global
	GlobalSection(SolutionConfigurationPlatforms) = preSolution
		Debug|x64 = Debug|x64
		Release|x64 = Release|x64
		MinSizeRel|x64 = MinSizeRel|x64
		RelWithDebInfo|x64 = RelWithDebInfo|x64
	EndGlobalSection
	GlobalSection(ProjectConfigurationPlatforms) = postSolution
		{60D45503-CFB2-36D6-B58A-245563C7234A}.Debug|x64.ActiveCfg = Debug|x64
		{60D45503-CFB2-36D6-B58A-245563C7234A}.Debug|x64.Build.0 = Debug|x64
		{60D45503-CFB2-36D6-B58A-245563C7234A}.Release|x64.ActiveCfg = Release|x64
		{60D45503-CFB2-36D6-B58A-245563C7234A}.Release|x64.Build.0 = Release|x64
		{60D45503-CFB2-36D6-B58A-245563C7234A}.MinSizeRel|x64.ActiveCfg = MinSizeRel|x64
		{60D45503-CFB2-36D6-B58A-245563C7234A}.MinSizeRel|x64.Build.0 = MinSizeRel|x64
		{60D45503-CFB2-36D6-B58A-245563C7234A}.RelWithDebInfo|x64.ActiveCfg = RelWithDebInfo|x64
		{60D45503-CFB2-36D6-B58A-245563C7234A}.RelWithDebInfo|x64.Build.0 = RelWithDebInfo|x64
		{408F2FFF-1F62-3284-AFDE-E3C54154945E}.Debug|x64.ActiveCfg = Debug|x64
		{408F2FFF-1F62-3284-AFDE-E3C54154945E}.Debug|x64.Build.0 = Debug|x64
		{408F2FFF-1F62-3284-AFDE-E3C54154945E}.Release|x64.ActiveCfg = Release|x64
		{408F2FFF-1F62-3284-AFDE-E3C54154945E}.Release|x64.Build.0 = Release|x64
		{408F2FFF-1F62-3284-AFDE-E3C54154945E}.MinSizeRel|x64.ActiveCfg = MinSizeRel|x64
		{408F2FFF-1F62-3284-AFDE-E3C54154945E}.MinSizeRel|x64.Build.0 = MinSizeRel|x64
		{408F2FFF-1F62-3284-AFDE-E3C54154945E}.RelWithDebInfo|x64.ActiveCfg = RelWithDebInfo|x64
		{408F2FFF-1F62-3284-AFDE-E3C54154945E}.RelWithDebInfo|x64.Build.0 = RelWithDebInfo|x64
		{32F58968-E151-322B-A2D6-8F7F94EBE323}.Debug|x64.ActiveCfg = Debug|x64
		{32F58968-E151-322B-A2D6-8F7F94EBE323}.Debug|x64.Build.0 = Debug|x64
		{32F58968-E151-322B-A2D6-8F7F94EBE323}.Release|x64.ActiveCfg = Release|x64
		{32F58968-E151-322B-A2D6-8F7F94EBE323}.Release|x64.Build.0 = Release|x64
		{32F58968-E151-322B-A2D6-8F7F94EBE323}.MinSizeRel|x64.ActiveCfg = MinSizeRel|x64
		{32F58968-E151-322B-A2D6-8F7F94EBE323}.MinSizeRel|x64.Build.0 = MinSizeRel|x64
		{32F58968-E151-322B-A2D6-8F7F94EBE323}.RelWithDebInfo|x64.ActiveCfg = RelWithDebInfo|x64
		{32F58968-E151-322B-A2D6-8F7F94EBE323}.RelWithDebInfo|x64.Build.0 = RelWithDebInfo|x64
		{E544968F-EBE4-35FE-9A59-41FBAA58A74D}.Debug|x64.ActiveCfg = Debug|x64
		{E544968F-EBE4-35FE-9A59-41FBAA58A74D}.Debug|x64.Build.0 = Debug|x64
		{E544968F-EBE4-35FE-9A59-41FBAA58A74D}.Release|x64.ActiveCfg = Release|x64
		{E544968F-EBE4-35FE-9A59-41FBAA58A74D}.Release|x64.Build.0 = Release|x64
		{E544968F-EBE4-35FE-9A59-41FBAA58A74D}.MinSizeRel|x64.ActiveCfg = MinSizeRel|x64
		{E544968F-EBE4-35FE-9A59-41FBAA58A74D}.MinSizeRel|x64.Build.0 = MinSizeRel|x64
		{E544968F-EBE4-35FE-9A59-41FBAA58A74D}.RelWithDebInfo|x64.ActiveCfg = RelWithDebInfo|x64
		{E544968F-EBE4-35FE-9A59-41FBAA58A74D}.RelWithDebInfo|x64.Build.0 = RelWithDebInfo|x64
		{F8A623D3-FCD1-3EAA-AE59-A632E78135AF}.Debug|x64.ActiveCfg = Debug|x64
		{F8A623D3-FCD1-3EAA-AE59-A632E78135AF}.Debug|x64.Build.0 = Debug|x64
		{F8A623D3-FCD1-3EAA-AE59-A632E78135AF}.Release|x64.ActiveCfg = Release|x64
		{F8A623D3-FCD1-3EAA-AE59-A632E78135AF}.Release|x64.Build.0 = Release|x64
		{F8A623D3-FCD1-3EAA-AE59-A632E78135AF}.MinSizeRel|x64.ActiveCfg = MinSizeRel|x64
		{F8A623D3-FCD1-3EAA-AE59-A632E78135AF}.MinSizeRel|x64.Build.0 = MinSizeRel|x64
		{F8A623D3-FCD1-3EAA-AE59-A632E78135AF}.RelWithDebInfo|x64.ActiveCfg = RelWithDebInfo|x64
		{F8A623D3-FCD1-3EAA-AE59-A632E78135AF}.RelWithDebInfo|x64.Build.0 = RelWithDebInfo|x64
		{323CD6F4-703A-33F2-A3C6-FA84E70D3EE2}.Debug|x64.ActiveCfg = Debug|x64
		{323CD6F4-703A-33F2-A3C6-FA84E70D3EE2}.Debug|x64.Build.0 = Debug|x64
		{323CD6F4-703A-33F2-A3C6-FA84E70D3EE2}.Release|x64.ActiveCfg = Release|x64
		{323CD6F4-703A-33F2-A3C6-FA84E70D3EE2}.Release|x64.Build.0 = Release|x64
		{323CD6F4-703A-33F2-A3C6-FA84E70D3EE2}.MinSizeRel|x64.ActiveCfg = MinSizeRel|x64
		{323CD6F4-703A-33F2-A3C6-FA84E70D3EE2}.MinSizeRel|x64.Build.0 = MinSizeRel|x64
		{323CD6F4-703A-33F2-A3C6-FA84E70D3EE2}.RelWithDebInfo|x64.ActiveCfg = RelWithDebInfo|x64
		{323CD6F4-703A-33F2-A3C6-FA84E70D3EE2}.RelWithDebInfo|x64.Build.0 = RelWithDebInfo|x64
		{107110F5-89DA-36C8-A925-490C7D900038}.Debug|x64.ActiveCfg = Debug|x64
		{107110F5-89DA-36C8-A925-490C7D900038}.Release|x64.ActiveCfg = Release|x64
		{107110F5-89DA-36C8-A925-490C7D900038}.MinSizeRel|x64.ActiveCfg = MinSizeRel|x64
		{107110F5-89DA-36C8-A925-490C7D900038}.RelWithDebInfo|x64.ActiveCfg = RelWithDebInfo|x64
		{67B90986-FAAB-3BDF-A3D9-6ECB7BCB6FF7}.Debug|x64.ActiveCfg = Debug|x64
		{67B90986-FAAB-3BDF-A3D9-6ECB7BCB6FF7}.Debug|x64.Build.0 = Debug|x64
		{67B90986-FAAB-3BDF-A3D9-6ECB7BCB6FF7}.Release|x64.ActiveCfg = Release|x64
		{67B90986-FAAB-3BDF-A3D9-6ECB7BCB6FF7}.Release|x64.Build.0 = Release|x64
		{67B90986-FAAB-3BDF-A3D9-6ECB7BCB6FF7}.MinSizeRel|x64.ActiveCfg = MinSizeRel|x64
		{67B90986-FAAB-3BDF-A3D9-6ECB7BCB6FF7}.MinSizeRel|x64.Build.0 = MinSizeRel|x64
		{67B90986-FAAB-3BDF-A3D9-6ECB7BCB6FF7}.RelWithDebInfo|x64.ActiveCfg = RelWithDebInfo|x64
		{67B90986-FAAB-3BDF-A3D9-6ECB7BCB6FF7}.RelWithDebInfo|x64.Build.0 = RelWithDebInfo|x64
		{9D17E9B1-D11B-3010-8C96-8E4FDB714A65}.Debug|x64.ActiveCfg = Debug|x64
		{9D17E9B1-D11B-3010-8C96-8E4FDB714A65}.Debug|x64.Build.0 = Debug|x64
		{9D17E9B1-D11B-3010-8C96-8E4FDB714A65}.Release|x64.ActiveCfg = Release|x64
		{9D17E9B1-D11B-3010-8C96-8E4FDB714A65}.Release|x64.Build.0 = Release|x64
		{9D17E9B1-D11B-3010-8C96-8E4FDB714A65}.MinSizeRel|x64.ActiveCfg = MinSizeRel|x64
		{9D17E9B1-D11B-3010-8C96-8E4FDB714A65}.MinSizeRel|x64.Build.0 = MinSizeRel|x64
		{9D17E9B1-D11B-3010-8C96-8E4FDB714A65}.RelWithDebInfo|x64.ActiveCfg = RelWithDebInfo|x64
		{9D17E9B1-D11B-3010-8C96-8E4FDB714A65}.RelWithDebInfo|x64.Build.0 = RelWithDebInfo|x64
		{F618C454-6B42-39B6-B745-5A861B81EA02}.Debug|x64.ActiveCfg = Debug|x64
		{F618C454-6B42-39B6-B745-5A861B81EA02}.Debug|x64.Build.0 = Debug|x64
		{F618C454-6B42-39B6-B745-5A861B81EA02}.Release|x64.ActiveCfg = Release|x64
		{F618C454-6B42-39B6-B745-5A861B81EA02}.Release|x64.Build.0 = Release|x64
		{F618C454-6B42-39B6-B745-5A861B81EA02}.MinSizeRel|x64.ActiveCfg = MinSizeRel|x64
		{F618C454-6B42-39B6-B745-5A861B81EA02}.MinSizeRel|x64.Build.0 = MinSizeRel|x64
		{F618C454-6B42-39B6-B745-5A861B81EA02}.RelWithDebInfo|x64.ActiveCfg = RelWithDebInfo|x64
		{F618C454-6B42-39B6-B745-5A861B81EA02}.RelWithDebInfo|x64.Build.0 = RelWithDebInfo|x64
		{88B70BA4-C2A6-3FE9-8048-96CB89F928E8}.Debug|x64.ActiveCfg = Debug|x64
		{88B70BA4-C2A6-3FE9-8048-96CB89F928E8}.Debug|x64.Build.0 = Debug|x64
		{88B70BA4-C2A6-3FE9-8048-96CB89F928E8}.Release|x64.ActiveCfg = Release|x64
		{88B70BA4-C2A6-3FE9-8048-96CB89F928E8}.Release|x64.Build.0 = Release|x64
		{88B70BA4-C2A6-3FE9-8048-96CB89F928E8}.MinSizeRel|x64.ActiveCfg = MinSizeRel|x64
		{88B70BA4-C2A6-3FE9-8048-96CB89F928E8}.MinSizeRel|x64.Build.0 = MinSizeRel|x64
		{88B70BA4-C2A6-3FE9-8048-96CB89F928E8}.RelWithDebInfo|x64.ActiveCfg = RelWithDebInfo|x64
		{88B70BA4-C2A6-3FE9-8048-96CB89F928E8}.RelWithDebInfo|x64.Build.0 = RelWithDebInfo|x64
		{94F531DD-0278-3E32-8B15-79912FDF8B64}.Debug|x64.ActiveCfg = Debug|x64
		{94F531DD-0278-3E32-8B15-79912FDF8B64}.Debug|x64.Build.0 = Debug|x64
		{94F531DD-0278-3E32-8B15-79912FDF8B64}.Release|x64.ActiveCfg = Release|x64
		{94F531DD-0278-3E32-8B15-79912FDF8B64}.Release|x64.Build.0 = Release|x64
		{94F531DD-0278-3E32-8B15-79912FDF8B64}.MinSizeRel|x64.ActiveCfg = MinSizeRel|x64
		{94F531DD-0278-3E32-8B15-79912FDF8B64}.MinSizeRel|x64.Build.0 = MinSizeRel|x64
		{94F531DD-0278-3E32-8B15-79912FDF8B64}.RelWithDebInfo|x64.ActiveCfg = RelWithDebInfo|x64
		{94F531DD-0278-3E32-8B15-79912FDF8B64}.RelWithDebInfo|x64.Build.0 = RelWithDebInfo|x64
		{9782F9B5-F8C2-39D5-8571-ABBABF14EC9C}.Debug|x64.ActiveCfg = Debug|x64
		{9782F9B5-F8C2-39D5-8571-ABBABF14EC9C}.Debug|x64.Build.0 = Debug|x64
		{9782F9B5-F8C2-39D5-8571-ABBABF14EC9C}.Release|x64.ActiveCfg = Release|x64
		{9782F9B5-F8C2-39D5-8571-ABBABF14EC9C}.Release|x64.Build.0 = Release|x64
		{9782F9B5-F8C2-39D5-8571-ABBABF14EC9C}.MinSizeRel|x64.ActiveCfg = MinSizeRel|x64
		{9782F9B5-F8C2-39D5-8571-ABBABF14EC9C}.MinSizeRel|x64.Build.0 = MinSizeRel|x64
		{9782F9B5-F8C2-39D5-8571-ABBABF14EC9C}.RelWithDebInfo|x64.ActiveCfg = RelWithDebInfo|x64
		{9782F9B5-F8C2-39D5-8571-ABBABF14EC9C}.RelWithDebInfo|x64.Build.0 = RelWithDebInfo|x64
		{591B137D-4993-3B32-99F0-F03CAC3FF80B}.Debug|x64.ActiveCfg = Debug|x64
		{591B137D-4993-3B32-99F0-F03CAC3FF80B}.Debug|x64.Build.0 = Debug|x64
		{591B137D-4993-3B32-99F0-F03CAC3FF80B}.Release|x64.ActiveCfg = Release|x64
		{591B137D-4993-3B32-99F0-F03CAC3FF80B}.Release|x64.Build.0 = Release|x64
		{591B137D-4993-3B32-99F0-F03CAC3FF80B}.MinSizeRel|x64.ActiveCfg = MinSizeRel|x64
		{591B137D-4993-3B32-99F0-F03CAC3FF80B}.MinSizeRel|x64.Build.0 = MinSizeRel|x64
		{591B137D-4993-3B32-99F0-F03CAC3FF80B}.RelWithDebInfo|x64.ActiveCfg = RelWithDebInfo|x64
		{591B137D-4993-3B32-99F0-F03CAC3FF80B}.RelWithDebInfo|x64.Build.0 = RelWithDebInfo|x64
		{6A8716FD-81F2-31B2-AA62-92A17E3D728D}.Debug|x64.ActiveCfg = Debug|x64
		{6A8716FD-81F2-31B2-AA62-92A17E3D728D}.Debug|x64.Build.0 = Debug|x64
		{6A8716FD-81F2-31B2-AA62-92A17E3D728D}.Release|x64.ActiveCfg = Release|x64
		{6A8716FD-81F2-31B2-AA62-92A17E3D728D}.Release|x64.Build.0 = Release|x64
		{6A8716FD-81F2-31B2-AA62-92A17E3D728D}.MinSizeRel|x64.ActiveCfg = MinSizeRel|x64
		{6A8716FD-81F2-31B2-AA62-92A17E3D728D}.MinSizeRel|x64.Build.0 = MinSizeRel|x64
		{6A8716FD-81F2-31B2-AA62-92A17E3D728D}.RelWithDebInfo|x64.ActiveCfg = RelWithDebInfo|x64
		{6A8716FD-81F2-31B2-AA62-92A17E3D728D}.RelWithDebInfo|x64.Build.0 = RelWithDebInfo|x64
		{E16D117E-C19B-3F8D-9D7A-01D564B6E6FF}.Debug|x64.ActiveCfg = Debug|x64
		{E16D117E-C19B-3F8D-9D7A-01D564B6E6FF}.Debug|x64.Build.0 = Debug|x64
		{E16D117E-C19B-3F8D-9D7A-01D564B6E6FF}.Release|x64.ActiveCfg = Release|x64
		{E16D117E-C19B-3F8D-9D7A-01D564B6E6FF}.Release|x64.Build.0 = Release|x64
		{E16D117E-C19B-3F8D-9D7A-01D564B6E6FF}.MinSizeRel|x64.ActiveCfg = MinSizeRel|x64
		{E16D117E-C19B-3F8D-9D7A-01D564B6E6FF}.MinSizeRel|x64.Build.0 = MinSizeRel|x64
		{E16D117E-C19B-3F8D-9D7A-01D564B6E6FF}.RelWithDebInfo|x64.ActiveCfg = RelWithDebInfo|x64
		{E16D117E-C19B-3F8D-9D7A-01D564B6E6FF}.RelWithDebInfo|x64.Build.0 = RelWithDebInfo|x64
		{E0AB6944-E44D-3298-B2C5-9FB2BA4DA465}.Debug|x64.ActiveCfg = Debug|x64
		{E0AB6944-E44D-3298-B2C5-9FB2BA4DA465}.Debug|x64.Build.0 = Debug|x64
		{E0AB6944-E44D-3298-B2C5-9FB2BA4DA465}.Release|x64.ActiveCfg = Release|x64
		{E0AB6944-E44D-3298-B2C5-9FB2BA4DA465}.Release|x64.Build.0 = Release|x64
		{E0AB6944-E44D-3298-B2C5-9FB2BA4DA465}.MinSizeRel|x64.ActiveCfg = MinSizeRel|x64
		{E0AB6944-E44D-3298-B2C5-9FB2BA4DA465}.MinSizeRel|x64.Build.0 = MinSizeRel|x64
		{E0AB6944-E44D-3298-B2C5-9FB2BA4DA465}.RelWithDebInfo|x64.ActiveCfg = RelWithDebInfo|x64
		{E0AB6944-E44D-3298-B2C5-9FB2BA4DA465}.RelWithDebInfo|x64.Build.0 = RelWithDebInfo|x64
		{411FEA3E-FC8E-3FB0-B958-5C244F7D2C67}.Debug|x64.ActiveCfg = Debug|x64
		{411FEA3E-FC8E-3FB0-B958-5C244F7D2C67}.Debug|x64.Build.0 = Debug|x64
		{411FEA3E-FC8E-3FB0-B958-5C244F7D2C67}.Release|x64.ActiveCfg = Release|x64
		{411FEA3E-FC8E-3FB0-B958-5C244F7D2C67}.Release|x64.Build.0 = Release|x64
		{411FEA3E-FC8E-3FB0-B958-5C244F7D2C67}.MinSizeRel|x64.ActiveCfg = MinSizeRel|x64
		{411FEA3E-FC8E-3FB0-B958-5C244F7D2C67}.MinSizeRel|x64.Build.0 = MinSizeRel|x64
		{411FEA3E-FC8E-3FB0-B958-5C244F7D2C67}.RelWithDebInfo|x64.ActiveCfg = RelWithDebInfo|x64
		{411FEA3E-FC8E-3FB0-B958-5C244F7D2C67}.RelWithDebInfo|x64.Build.0 = RelWithDebInfo|x64
		{604A6FFB-DB02-339E-BFD8-F047512255FC}.Debug|x64.ActiveCfg = Debug|x64
		{604A6FFB-DB02-339E-BFD8-F047512255FC}.Debug|x64.Build.0 = Debug|x64
		{604A6FFB-DB02-339E-BFD8-F047512255FC}.Release|x64.ActiveCfg = Release|x64
		{604A6FFB-DB02-339E-BFD8-F047512255FC}.Release|x64.Build.0 = Release|x64
		{604A6FFB-DB02-339E-BFD8-F047512255FC}.MinSizeRel|x64.ActiveCfg = MinSizeRel|x64
		{604A6FFB-DB02-339E-BFD8-F047512255FC}.MinSizeRel|x64.Build.0 = MinSizeRel|x64
		{604A6FFB-DB02-339E-BFD8-F047512255FC}.RelWithDebInfo|x64.ActiveCfg = RelWithDebInfo|x64
		{604A6FFB-DB02-339E-BFD8-F047512255FC}.RelWithDebInfo|x64.Build.0 = RelWithDebInfo|x64
		{9673F967-6D79-362A-90EE-CC062E6C829E}.Debug|x64.ActiveCfg = Debug|x64
		{9673F967-6D79-362A-90EE-CC062E6C829E}.Debug|x64.Build.0 = Debug|x64
		{9673F967-6D79-362A-90EE-CC062E6C829E}.Release|x64.ActiveCfg = Release|x64
		{9673F967-6D79-362A-90EE-CC062E6C829E}.Release|x64.Build.0 = Release|x64
		{9673F967-6D79-362A-90EE-CC062E6C829E}.MinSizeRel|x64.ActiveCfg = MinSizeRel|x64
		{9673F967-6D79-362A-90EE-CC062E6C829E}.MinSizeRel|x64.Build.0 = MinSizeRel|x64
		{9673F967-6D79-362A-90EE-CC062E6C829E}.RelWithDebInfo|x64.ActiveCfg = RelWithDebInfo|x64
		{9673F967-6D79-362A-90EE-CC062E6C829E}.RelWithDebInfo|x64.Build.0 = RelWithDebInfo|x64
		{1294237B-ED10-39CC-A53A-7689EBE9E736}.Debug|x64.ActiveCfg = Debug|x64
		{1294237B-ED10-39CC-A53A-7689EBE9E736}.Debug|x64.Build.0 = Debug|x64
		{1294237B-ED10-39CC-A53A-7689EBE9E736}.Release|x64.ActiveCfg = Release|x64
		{1294237B-ED10-39CC-A53A-7689EBE9E736}.Release|x64.Build.0 = Release|x64
		{1294237B-ED10-39CC-A53A-7689EBE9E736}.MinSizeRel|x64.ActiveCfg = MinSizeRel|x64
		{1294237B-ED10-39CC-A53A-7689EBE9E736}.MinSizeRel|x64.Build.0 = MinSizeRel|x64
		{1294237B-ED10-39CC-A53A-7689EBE9E736}.RelWithDebInfo|x64.ActiveCfg = RelWithDebInfo|x64
		{1294237B-ED10-39CC-A53A-7689EBE9E736}.RelWithDebInfo|x64.Build.0 = RelWithDebInfo|x64
		{CED0213A-2406-3256-A9CE-A00E2B50933E}.Debug|x64.ActiveCfg = Debug|x64
		{CED0213A-2406-3256-A9CE-A00E2B50933E}.Debug|x64.Build.0 = Debug|x64
		{CED0213A-2406-3256-A9CE-A00E2B50933E}.Release|x64.ActiveCfg = Release|x64
		{CED0213A-2406-3256-A9CE-A00E2B50933E}.Release|x64.Build.0 = Release|x64
		{CED0213A-2406-3256-A9CE-A00E2B50933E}.MinSizeRel|x64.ActiveCfg = MinSizeRel|x64
		{CED0213A-2406-3256-A9CE-A00E2B50933E}.MinSizeRel|x64.Build.0 = MinSizeRel|x64
		{CED0213A-2406-3256-A9CE-A00E2B50933E}.RelWithDebInfo|x64.ActiveCfg = RelWithDebInfo|x64
		{CED0213A-2406-3256-A9CE-A00E2B50933E}.RelWithDebInfo|x64.Build.0 = RelWithDebInfo|x64
		{56ACE015-7FC8-358E-88B8-10DDFFB83047}.Debug|x64.ActiveCfg = Debug|x64
		{56ACE015-7FC8-358E-88B8-10DDFFB83047}.Debug|x64.Build.0 = Debug|x64
		{56ACE015-7FC8-358E-88B8-10DDFFB83047}.Release|x64.ActiveCfg = Release|x64
		{56ACE015-7FC8-358E-88B8-10DDFFB83047}.Release|x64.Build.0 = Release|x64
		{56ACE015-7FC8-358E-88B8-10DDFFB83047}.MinSizeRel|x64.ActiveCfg = MinSizeRel|x64
		{56ACE015-7FC8-358E-88B8-10DDFFB83047}.MinSizeRel|x64.Build.0 = MinSizeRel|x64
		{56ACE015-7FC8-358E-88B8-10DDFFB83047}.RelWithDebInfo|x64.ActiveCfg = RelWithDebInfo|x64
		{56ACE015-7FC8-358E-88B8-10DDFFB83047}.RelWithDebInfo|x64.Build.0 = RelWithDebInfo|x64
		{C280CC0F-6FFD-360D-9CAC-E68EFFF5816F}.Debug|x64.ActiveCfg = Debug|x64
		{C280CC0F-6FFD-360D-9CAC-E68EFFF5816F}.Debug|x64.Build.0 = Debug|x64
		{C280CC0F-6FFD-360D-9CAC-E68EFFF5816F}.Release|x64.ActiveCfg = Release|x64
		{C280CC0F-6FFD-360D-9CAC-E68EFFF5816F}.Release|x64.Build.0 = Release|x64
		{C280CC0F-6FFD-360D-9CAC-E68EFFF5816F}.MinSizeRel|x64.ActiveCfg = MinSizeRel|x64
		{C280CC0F-6FFD-360D-9CAC-E68EFFF5816F}.MinSizeRel|x64.Build.0 = MinSizeRel|x64
		{C280CC0F-6FFD-360D-9CAC-E68EFFF5816F}.RelWithDebInfo|x64.ActiveCfg = RelWithDebInfo|x64
		{C280CC0F-6FFD-360D-9CAC-E68EFFF5816F}.RelWithDebInfo|x64.Build.0 = RelWithDebInfo|x64
		{4270733F-754B-364F-8F12-1CD3E14645B1}.Debug|x64.ActiveCfg = Debug|x64
		{4270733F-754B-364F-8F12-1CD3E14645B1}.Debug|x64.Build.0 = Debug|x64
		{4270733F-754B-364F-8F12-1CD3E14645B1}.Release|x64.ActiveCfg = Release|x64
		{4270733F-754B-364F-8F12-1CD3E14645B1}.Release|x64.Build.0 = Release|x64
		{4270733F-754B-364F-8F12-1CD3E14645B1}.MinSizeRel|x64.ActiveCfg = MinSizeRel|x64
		{4270733F-754B-364F-8F12-1CD3E14645B1}.MinSizeRel|x64.Build.0 = MinSizeRel|x64
		{4270733F-754B-364F-8F12-1CD3E14645B1}.RelWithDebInfo|x64.ActiveCfg = RelWithDebInfo|x64
		{4270733F-754B-364F-8F12-1CD3E14645B1}.RelWithDebInfo|x64.Build.0 = RelWithDebInfo|x64
		{CD4267D9-C2EE-3421-9C28-402F6044942F}.Debug|x64.ActiveCfg = Debug|x64
		{CD4267D9-C2EE-3421-9C28-402F6044942F}.Debug|x64.Build.0 = Debug|x64
		{CD4267D9-C2EE-3421-9C28-402F6044942F}.Release|x64.ActiveCfg = Release|x64
		{CD4267D9-C2EE-3421-9C28-402F6044942F}.Release|x64.Build.0 = Release|x64
		{CD4267D9-C2EE-3421-9C28-402F6044942F}.MinSizeRel|x64.ActiveCfg = MinSizeRel|x64
		{CD4267D9-C2EE-3421-9C28-402F6044942F}.MinSizeRel|x64.Build.0 = MinSizeRel|x64
		{CD4267D9-C2EE-3421-9C28-402F6044942F}.RelWithDebInfo|x64.ActiveCfg = RelWithDebInfo|x64
		{CD4267D9-C2EE-3421-9C28-402F6044942F}.RelWithDebInfo|x64.Build.0 = RelWithDebInfo|x64
		{45645A36-D4CF-37E7-A75F-2974A6E05BA3}.Debug|x64.ActiveCfg = Debug|x64
		{45645A36-D4CF-37E7-A75F-2974A6E05BA3}.Debug|x64.Build.0 = Debug|x64
		{45645A36-D4CF-37E7-A75F-2974A6E05BA3}.Release|x64.ActiveCfg = Release|x64
		{45645A36-D4CF-37E7-A75F-2974A6E05BA3}.Release|x64.Build.0 = Release|x64
		{45645A36-D4CF-37E7-A75F-2974A6E05BA3}.MinSizeRel|x64.ActiveCfg = MinSizeRel|x64
		{45645A36-D4CF-37E7-A75F-2974A6E05BA3}.MinSizeRel|x64.Build.0 = MinSizeRel|x64
		{45645A36-D4CF-37E7-A75F-2974A6E05BA3}.RelWithDebInfo|x64.ActiveCfg = RelWithDebInfo|x64
		{45645A36-D4CF-37E7-A75F-2974A6E05BA3}.RelWithDebInfo|x64.Build.0 = RelWithDebInfo|x64
		{6CC9DCA5-D025-3551-849E-5F3BF40BBD1B}.Debug|x64.ActiveCfg = Debug|x64
		{6CC9DCA5-D025-3551-849E-5F3BF40BBD1B}.Debug|x64.Build.0 = Debug|x64
		{6CC9DCA5-D025-3551-849E-5F3BF40BBD1B}.Release|x64.ActiveCfg = Release|x64
		{6CC9DCA5-D025-3551-849E-5F3BF40BBD1B}.Release|x64.Build.0 = Release|x64
		{6CC9DCA5-D025-3551-849E-5F3BF40BBD1B}.MinSizeRel|x64.ActiveCfg = MinSizeRel|x64
		{6CC9DCA5-D025-3551-849E-5F3BF40BBD1B}.MinSizeRel|x64.Build.0 = MinSizeRel|x64
		{6CC9DCA5-D025-3551-849E-5F3BF40BBD1B}.RelWithDebInfo|x64.ActiveCfg = RelWithDebInfo|x64
		{6CC9DCA5-D025-3551-849E-5F3BF40BBD1B}.RelWithDebInfo|x64.Build.0 = RelWithDebInfo|x64
		{B2980F2C-9112-3F25-AF25-AB9B735B53E8}.Debug|x64.ActiveCfg = Debug|x64
		{B2980F2C-9112-3F25-AF25-AB9B735B53E8}.Debug|x64.Build.0 = Debug|x64
		{B2980F2C-9112-3F25-AF25-AB9B735B53E8}.Release|x64.ActiveCfg = Release|x64
		{B2980F2C-9112-3F25-AF25-AB9B735B53E8}.Release|x64.Build.0 = Release|x64
		{B2980F2C-9112-3F25-AF25-AB9B735B53E8}.MinSizeRel|x64.ActiveCfg = MinSizeRel|x64
		{B2980F2C-9112-3F25-AF25-AB9B735B53E8}.MinSizeRel|x64.Build.0 = MinSizeRel|x64
		{B2980F2C-9112-3F25-AF25-AB9B735B53E8}.RelWithDebInfo|x64.ActiveCfg = RelWithDebInfo|x64
		{B2980F2C-9112-3F25-AF25-AB9B735B53E8}.RelWithDebInfo|x64.Build.0 = RelWithDebInfo|x64
		{1817B39F-FAFD-3F2D-8A8A-5CD99367F5DF}.Debug|x64.ActiveCfg = Debug|x64
		{1817B39F-FAFD-3F2D-8A8A-5CD99367F5DF}.Debug|x64.Build.0 = Debug|x64
		{1817B39F-FAFD-3F2D-8A8A-5CD99367F5DF}.Release|x64.ActiveCfg = Release|x64
		{1817B39F-FAFD-3F2D-8A8A-5CD99367F5DF}.Release|x64.Build.0 = Release|x64
		{1817B39F-FAFD-3F2D-8A8A-5CD99367F5DF}.MinSizeRel|x64.ActiveCfg = MinSizeRel|x64
		{1817B39F-FAFD-3F2D-8A8A-5CD99367F5DF}.MinSizeRel|x64.Build.0 = MinSizeRel|x64
		{1817B39F-FAFD-3F2D-8A8A-5CD99367F5DF}.RelWithDebInfo|x64.ActiveCfg = RelWithDebInfo|x64
		{1817B39F-FAFD-3F2D-8A8A-5CD99367F5DF}.RelWithDebInfo|x64.Build.0 = RelWithDebInfo|x64
		{7D2BAE4C-D3B7-36B6-92F0-03A862B316F3}.Debug|x64.ActiveCfg = Debug|x64
		{7D2BAE4C-D3B7-36B6-92F0-03A862B316F3}.Debug|x64.Build.0 = Debug|x64
		{7D2BAE4C-D3B7-36B6-92F0-03A862B316F3}.Release|x64.ActiveCfg = Release|x64
		{7D2BAE4C-D3B7-36B6-92F0-03A862B316F3}.Release|x64.Build.0 = Release|x64
		{7D2BAE4C-D3B7-36B6-92F0-03A862B316F3}.MinSizeRel|x64.ActiveCfg = MinSizeRel|x64
		{7D2BAE4C-D3B7-36B6-92F0-03A862B316F3}.MinSizeRel|x64.Build.0 = MinSizeRel|x64
		{7D2BAE4C-D3B7-36B6-92F0-03A862B316F3}.RelWithDebInfo|x64.ActiveCfg = RelWithDebInfo|x64
		{7D2BAE4C-D3B7-36B6-92F0-03A862B316F3}.RelWithDebInfo|x64.Build.0 = RelWithDebInfo|x64
		{0C222FB4-53F4-3960-8277-12E1607B5362}.Debug|x64.ActiveCfg = Debug|x64
		{0C222FB4-53F4-3960-8277-12E1607B5362}.Debug|x64.Build.0 = Debug|x64
		{0C222FB4-53F4-3960-8277-12E1607B5362}.Release|x64.ActiveCfg = Release|x64
		{0C222FB4-53F4-3960-8277-12E1607B5362}.Release|x64.Build.0 = Release|x64
		{0C222FB4-53F4-3960-8277-12E1607B5362}.MinSizeRel|x64.ActiveCfg = MinSizeRel|x64
		{0C222FB4-53F4-3960-8277-12E1607B5362}.MinSizeRel|x64.Build.0 = MinSizeRel|x64
		{0C222FB4-53F4-3960-8277-12E1607B5362}.RelWithDebInfo|x64.ActiveCfg = RelWithDebInfo|x64
		{0C222FB4-53F4-3960-8277-12E1607B5362}.RelWithDebInfo|x64.Build.0 = RelWithDebInfo|x64
		{08AC78C5-C93C-3385-8286-2964A679A5F6}.Debug|x64.ActiveCfg = Debug|x64
		{08AC78C5-C93C-3385-8286-2964A679A5F6}.Debug|x64.Build.0 = Debug|x64
		{08AC78C5-C93C-3385-8286-2964A679A5F6}.Release|x64.ActiveCfg = Release|x64
		{08AC78C5-C93C-3385-8286-2964A679A5F6}.Release|x64.Build.0 = Release|x64
		{08AC78C5-C93C-3385-8286-2964A679A5F6}.MinSizeRel|x64.ActiveCfg = MinSizeRel|x64
		{08AC78C5-C93C-3385-8286-2964A679A5F6}.MinSizeRel|x64.Build.0 = MinSizeRel|x64
		{08AC78C5-C93C-3385-8286-2964A679A5F6}.RelWithDebInfo|x64.ActiveCfg = RelWithDebInfo|x64
		{08AC78C5-C93C-3385-8286-2964A679A5F6}.RelWithDebInfo|x64.Build.0 = RelWithDebInfo|x64
		{3B7EBB32-C8BA-3888-BC60-1E32734C4422}.Debug|x64.ActiveCfg = Debug|x64
		{3B7EBB32-C8BA-3888-BC60-1E32734C4422}.Debug|x64.Build.0 = Debug|x64
		{3B7EBB32-C8BA-3888-BC60-1E32734C4422}.Release|x64.ActiveCfg = Release|x64
		{3B7EBB32-C8BA-3888-BC60-1E32734C4422}.Release|x64.Build.0 = Release|x64
		{3B7EBB32-C8BA-3888-BC60-1E32734C4422}.MinSizeRel|x64.ActiveCfg = MinSizeRel|x64
		{3B7EBB32-C8BA-3888-BC60-1E32734C4422}.MinSizeRel|x64.Build.0 = MinSizeRel|x64
		{3B7EBB32-C8BA-3888-BC60-1E32734C4422}.RelWithDebInfo|x64.ActiveCfg = RelWithDebInfo|x64
		{3B7EBB32-C8BA-3888-BC60-1E32734C4422}.RelWithDebInfo|x64.Build.0 = RelWithDebInfo|x64
		{B28B9E07-9C92-3D8E-BBDB-EE42AC589D4F}.Debug|x64.ActiveCfg = Debug|x64
		{B28B9E07-9C92-3D8E-BBDB-EE42AC589D4F}.Debug|x64.Build.0 = Debug|x64
		{B28B9E07-9C92-3D8E-BBDB-EE42AC589D4F}.Release|x64.ActiveCfg = Release|x64
		{B28B9E07-9C92-3D8E-BBDB-EE42AC589D4F}.Release|x64.Build.0 = Release|x64
		{B28B9E07-9C92-3D8E-BBDB-EE42AC589D4F}.MinSizeRel|x64.ActiveCfg = MinSizeRel|x64
		{B28B9E07-9C92-3D8E-BBDB-EE42AC589D4F}.MinSizeRel|x64.Build.0 = MinSizeRel|x64
		{B28B9E07-9C92-3D8E-BBDB-EE42AC589D4F}.RelWithDebInfo|x64.ActiveCfg = RelWithDebInfo|x64
		{B28B9E07-9C92-3D8E-BBDB-EE42AC589D4F}.RelWithDebInfo|x64.Build.0 = RelWithDebInfo|x64
		{2BA9EF6A-A42A-3C44-A71D-6D2BD1B3108B}.Debug|x64.ActiveCfg = Debug|x64
		{2BA9EF6A-A42A-3C44-A71D-6D2BD1B3108B}.Debug|x64.Build.0 = Debug|x64
		{2BA9EF6A-A42A-3C44-A71D-6D2BD1B3108B}.Release|x64.ActiveCfg = Release|x64
		{2BA9EF6A-A42A-3C44-A71D-6D2BD1B3108B}.Release|x64.Build.0 = Release|x64
		{2BA9EF6A-A42A-3C44-A71D-6D2BD1B3108B}.MinSizeRel|x64.ActiveCfg = MinSizeRel|x64
		{2BA9EF6A-A42A-3C44-A71D-6D2BD1B3108B}.MinSizeRel|x64.Build.0 = MinSizeRel|x64
		{2BA9EF6A-A42A-3C44-A71D-6D2BD1B3108B}.RelWithDebInfo|x64.ActiveCfg = RelWithDebInfo|x64
		{2BA9EF6A-A42A-3C44-A71D-6D2BD1B3108B}.RelWithDebInfo|x64.Build.0 = RelWithDebInfo|x64
		{32E97EFF-AA63-3A55-BF4A-7013FD9719AE}.Debug|x64.ActiveCfg = Debug|x64
		{32E97EFF-AA63-3A55-BF4A-7013FD9719AE}.Debug|x64.Build.0 = Debug|x64
		{32E97EFF-AA63-3A55-BF4A-7013FD9719AE}.Release|x64.ActiveCfg = Release|x64
		{32E97EFF-AA63-3A55-BF4A-7013FD9719AE}.Release|x64.Build.0 = Release|x64
		{32E97EFF-AA63-3A55-BF4A-7013FD9719AE}.MinSizeRel|x64.ActiveCfg = MinSizeRel|x64
		{32E97EFF-AA63-3A55-BF4A-7013FD9719AE}.MinSizeRel|x64.Build.0 = MinSizeRel|x64
		{32E97EFF-AA63-3A55-BF4A-7013FD9719AE}.RelWithDebInfo|x64.ActiveCfg = RelWithDebInfo|x64
		{32E97EFF-AA63-3A55-BF4A-7013FD9719AE}.RelWithDebInfo|x64.Build.0 = RelWithDebInfo|x64
		{34A2A5CE-AE20-3E1E-8EBB-9053017FC394}.Debug|x64.ActiveCfg = Debug|x64
		{34A2A5CE-AE20-3E1E-8EBB-9053017FC394}.Debug|x64.Build.0 = Debug|x64
		{34A2A5CE-AE20-3E1E-8EBB-9053017FC394}.Release|x64.ActiveCfg = Release|x64
		{34A2A5CE-AE20-3E1E-8EBB-9053017FC394}.Release|x64.Build.0 = Release|x64
		{34A2A5CE-AE20-3E1E-8EBB-9053017FC394}.MinSizeRel|x64.ActiveCfg = MinSizeRel|x64
		{34A2A5CE-AE20-3E1E-8EBB-9053017FC394}.MinSizeRel|x64.Build.0 = MinSizeRel|x64
		{34A2A5CE-AE20-3E1E-8EBB-9053017FC394}.RelWithDebInfo|x64.ActiveCfg = RelWithDebInfo|x64
		{34A2A5CE-AE20-3E1E-8EBB-9053017FC394}.RelWithDebInfo|x64.Build.0 = RelWithDebInfo|x64
		{B3144CBA-5171-3540-A0E8-3E47DEDDAA0A}.Debug|x64.ActiveCfg = Debug|x64
		{B3144CBA-5171-3540-A0E8-3E47DEDDAA0A}.Debug|x64.Build.0 = Debug|x64
		{B3144CBA-5171-3540-A0E8-3E47DEDDAA0A}.Release|x64.ActiveCfg = Release|x64
		{B3144CBA-5171-3540-A0E8-3E47DEDDAA0A}.Release|x64.Build.0 = Release|x64
		{B3144CBA-5171-3540-A0E8-3E47DEDDAA0A}.MinSizeRel|x64.ActiveCfg = MinSizeRel|x64
		{B3144CBA-5171-3540-A0E8-3E47DEDDAA0A}.MinSizeRel|x64.Build.0 = MinSizeRel|x64
		{B3144CBA-5171-3540-A0E8-3E47DEDDAA0A}.RelWithDebInfo|x64.ActiveCfg = RelWithDebInfo|x64
		{B3144CBA-5171-3540-A0E8-3E47DEDDAA0A}.RelWithDebInfo|x64.Build.0 = RelWithDebInfo|x64
		{83EF0EA9-0404-327F-8AE2-B4542C1BAF45}.Debug|x64.ActiveCfg = Debug|x64
		{83EF0EA9-0404-327F-8AE2-B4542C1BAF45}.Debug|x64.Build.0 = Debug|x64
		{83EF0EA9-0404-327F-8AE2-B4542C1BAF45}.Release|x64.ActiveCfg = Release|x64
		{83EF0EA9-0404-327F-8AE2-B4542C1BAF45}.Release|x64.Build.0 = Release|x64
		{83EF0EA9-0404-327F-8AE2-B4542C1BAF45}.MinSizeRel|x64.ActiveCfg = MinSizeRel|x64
		{83EF0EA9-0404-327F-8AE2-B4542C1BAF45}.MinSizeRel|x64.Build.0 = MinSizeRel|x64
		{83EF0EA9-0404-327F-8AE2-B4542C1BAF45}.RelWithDebInfo|x64.ActiveCfg = RelWithDebInfo|x64
		{83EF0EA9-0404-327F-8AE2-B4542C1BAF45}.RelWithDebInfo|x64.Build.0 = RelWithDebInfo|x64
		{4BB1D819-C310-3EA6-BE0D-C3E82E1210F2}.Debug|x64.ActiveCfg = Debug|x64
		{4BB1D819-C310-3EA6-BE0D-C3E82E1210F2}.Debug|x64.Build.0 = Debug|x64
		{4BB1D819-C310-3EA6-BE0D-C3E82E1210F2}.Release|x64.ActiveCfg = Release|x64
		{4BB1D819-C310-3EA6-BE0D-C3E82E1210F2}.Release|x64.Build.0 = Release|x64
		{4BB1D819-C310-3EA6-BE0D-C3E82E1210F2}.MinSizeRel|x64.ActiveCfg = MinSizeRel|x64
		{4BB1D819-C310-3EA6-BE0D-C3E82E1210F2}.MinSizeRel|x64.Build.0 = MinSizeRel|x64
		{4BB1D819-C310-3EA6-BE0D-C3E82E1210F2}.RelWithDebInfo|x64.ActiveCfg = RelWithDebInfo|x64
		{4BB1D819-C310-3EA6-BE0D-C3E82E1210F2}.RelWithDebInfo|x64.Build.0 = RelWithDebInfo|x64
		{A966667D-F732-331B-8D70-7DCFEB2C0017}.Debug|x64.ActiveCfg = Debug|x64
		{A966667D-F732-331B-8D70-7DCFEB2C0017}.Debug|x64.Build.0 = Debug|x64
		{A966667D-F732-331B-8D70-7DCFEB2C0017}.Release|x64.ActiveCfg = Release|x64
		{A966667D-F732-331B-8D70-7DCFEB2C0017}.Release|x64.Build.0 = Release|x64
		{A966667D-F732-331B-8D70-7DCFEB2C0017}.MinSizeRel|x64.ActiveCfg = MinSizeRel|x64
		{A966667D-F732-331B-8D70-7DCFEB2C0017}.MinSizeRel|x64.Build.0 = MinSizeRel|x64
		{A966667D-F732-331B-8D70-7DCFEB2C0017}.RelWithDebInfo|x64.ActiveCfg = RelWithDebInfo|x64
		{A966667D-F732-331B-8D70-7DCFEB2C0017}.RelWithDebInfo|x64.Build.0 = RelWithDebInfo|x64
		{0C7DAF38-931C-3010-8D6F-89ABB1912618}.Debug|x64.ActiveCfg = Debug|x64
		{0C7DAF38-931C-3010-8D6F-89ABB1912618}.Debug|x64.Build.0 = Debug|x64
		{0C7DAF38-931C-3010-8D6F-89ABB1912618}.Release|x64.ActiveCfg = Release|x64
		{0C7DAF38-931C-3010-8D6F-89ABB1912618}.Release|x64.Build.0 = Release|x64
		{0C7DAF38-931C-3010-8D6F-89ABB1912618}.MinSizeRel|x64.ActiveCfg = MinSizeRel|x64
		{0C7DAF38-931C-3010-8D6F-89ABB1912618}.MinSizeRel|x64.Build.0 = MinSizeRel|x64
		{0C7DAF38-931C-3010-8D6F-89ABB1912618}.RelWithDebInfo|x64.ActiveCfg = RelWithDebInfo|x64
		{0C7DAF38-931C-3010-8D6F-89ABB1912618}.RelWithDebInfo|x64.Build.0 = RelWithDebInfo|x64
		{9802CDF9-0942-356C-8358-3D2FEB70A758}.Debug|x64.ActiveCfg = Debug|x64
		{9802CDF9-0942-356C-8358-3D2FEB70A758}.Debug|x64.Build.0 = Debug|x64
		{9802CDF9-0942-356C-8358-3D2FEB70A758}.Release|x64.ActiveCfg = Release|x64
		{9802CDF9-0942-356C-8358-3D2FEB70A758}.Release|x64.Build.0 = Release|x64
		{9802CDF9-0942-356C-8358-3D2FEB70A758}.MinSizeRel|x64.ActiveCfg = MinSizeRel|x64
		{9802CDF9-0942-356C-8358-3D2FEB70A758}.MinSizeRel|x64.Build.0 = MinSizeRel|x64
		{9802CDF9-0942-356C-8358-3D2FEB70A758}.RelWithDebInfo|x64.ActiveCfg = RelWithDebInfo|x64
		{9802CDF9-0942-356C-8358-3D2FEB70A758}.RelWithDebInfo|x64.Build.0 = RelWithDebInfo|x64
		{F778F2DD-E414-3B17-82B5-656DF909C105}.Debug|x64.ActiveCfg = Debug|x64
		{F778F2DD-E414-3B17-82B5-656DF909C105}.Debug|x64.Build.0 = Debug|x64
		{F778F2DD-E414-3B17-82B5-656DF909C105}.Release|x64.ActiveCfg = Release|x64
		{F778F2DD-E414-3B17-82B5-656DF909C105}.Release|x64.Build.0 = Release|x64
		{F778F2DD-E414-3B17-82B5-656DF909C105}.MinSizeRel|x64.ActiveCfg = MinSizeRel|x64
		{F778F2DD-E414-3B17-82B5-656DF909C105}.MinSizeRel|x64.Build.0 = MinSizeRel|x64
		{F778F2DD-E414-3B17-82B5-656DF909C105}.RelWithDebInfo|x64.ActiveCfg = RelWithDebInfo|x64
		{F778F2DD-E414-3B17-82B5-656DF909C105}.RelWithDebInfo|x64.Build.0 = RelWithDebInfo|x64
		{63F8BF7F-7D83-3C3C-B785-E9DA70CEBD08}.Debug|x64.ActiveCfg = Debug|x64
		{63F8BF7F-7D83-3C3C-B785-E9DA70CEBD08}.Debug|x64.Build.0 = Debug|x64
		{63F8BF7F-7D83-3C3C-B785-E9DA70CEBD08}.Release|x64.ActiveCfg = Release|x64
		{63F8BF7F-7D83-3C3C-B785-E9DA70CEBD08}.Release|x64.Build.0 = Release|x64
		{63F8BF7F-7D83-3C3C-B785-E9DA70CEBD08}.MinSizeRel|x64.ActiveCfg = MinSizeRel|x64
		{63F8BF7F-7D83-3C3C-B785-E9DA70CEBD08}.MinSizeRel|x64.Build.0 = MinSizeRel|x64
		{63F8BF7F-7D83-3C3C-B785-E9DA70CEBD08}.RelWithDebInfo|x64.ActiveCfg = RelWithDebInfo|x64
		{63F8BF7F-7D83-3C3C-B785-E9DA70CEBD08}.RelWithDebInfo|x64.Build.0 = RelWithDebInfo|x64
		{D780AA52-435E-3253-86D8-2170B10043CC}.Debug|x64.ActiveCfg = Debug|x64
		{D780AA52-435E-3253-86D8-2170B10043CC}.Debug|x64.Build.0 = Debug|x64
		{D780AA52-435E-3253-86D8-2170B10043CC}.Release|x64.ActiveCfg = Release|x64
		{D780AA52-435E-3253-86D8-2170B10043CC}.Release|x64.Build.0 = Release|x64
		{D780AA52-435E-3253-86D8-2170B10043CC}.MinSizeRel|x64.ActiveCfg = MinSizeRel|x64
		{D780AA52-435E-3253-86D8-2170B10043CC}.MinSizeRel|x64.Build.0 = MinSizeRel|x64
		{D780AA52-435E-3253-86D8-2170B10043CC}.RelWithDebInfo|x64.ActiveCfg = RelWithDebInfo|x64
		{D780AA52-435E-3253-86D8-2170B10043CC}.RelWithDebInfo|x64.Build.0 = RelWithDebInfo|x64
		{0D03A524-4525-32E6-A570-E0A021B8E4C4}.Debug|x64.ActiveCfg = Debug|x64
		{0D03A524-4525-32E6-A570-E0A021B8E4C4}.Debug|x64.Build.0 = Debug|x64
		{0D03A524-4525-32E6-A570-E0A021B8E4C4}.Release|x64.ActiveCfg = Release|x64
		{0D03A524-4525-32E6-A570-E0A021B8E4C4}.Release|x64.Build.0 = Release|x64
		{0D03A524-4525-32E6-A570-E0A021B8E4C4}.MinSizeRel|x64.ActiveCfg = MinSizeRel|x64
		{0D03A524-4525-32E6-A570-E0A021B8E4C4}.MinSizeRel|x64.Build.0 = MinSizeRel|x64
		{0D03A524-4525-32E6-A570-E0A021B8E4C4}.RelWithDebInfo|x64.ActiveCfg = RelWithDebInfo|x64
		{0D03A524-4525-32E6-A570-E0A021B8E4C4}.RelWithDebInfo|x64.Build.0 = RelWithDebInfo|x64
		{5F2D4417-2EE4-3386-989B-D35EC59A6D5B}.Debug|x64.ActiveCfg = Debug|x64
		{5F2D4417-2EE4-3386-989B-D35EC59A6D5B}.Debug|x64.Build.0 = Debug|x64
		{5F2D4417-2EE4-3386-989B-D35EC59A6D5B}.Release|x64.ActiveCfg = Release|x64
		{5F2D4417-2EE4-3386-989B-D35EC59A6D5B}.Release|x64.Build.0 = Release|x64
		{5F2D4417-2EE4-3386-989B-D35EC59A6D5B}.MinSizeRel|x64.ActiveCfg = MinSizeRel|x64
		{5F2D4417-2EE4-3386-989B-D35EC59A6D5B}.MinSizeRel|x64.Build.0 = MinSizeRel|x64
		{5F2D4417-2EE4-3386-989B-D35EC59A6D5B}.RelWithDebInfo|x64.ActiveCfg = RelWithDebInfo|x64
		{5F2D4417-2EE4-3386-989B-D35EC59A6D5B}.RelWithDebInfo|x64.Build.0 = RelWithDebInfo|x64
		{C6D570B9-6AA4-3F45-BDBC-3E4583570B79}.Debug|x64.ActiveCfg = Debug|x64
		{C6D570B9-6AA4-3F45-BDBC-3E4583570B79}.Debug|x64.Build.0 = Debug|x64
		{C6D570B9-6AA4-3F45-BDBC-3E4583570B79}.Release|x64.ActiveCfg = Release|x64
		{C6D570B9-6AA4-3F45-BDBC-3E4583570B79}.Release|x64.Build.0 = Release|x64
		{C6D570B9-6AA4-3F45-BDBC-3E4583570B79}.MinSizeRel|x64.ActiveCfg = MinSizeRel|x64
		{C6D570B9-6AA4-3F45-BDBC-3E4583570B79}.MinSizeRel|x64.Build.0 = MinSizeRel|x64
		{C6D570B9-6AA4-3F45-BDBC-3E4583570B79}.RelWithDebInfo|x64.ActiveCfg = RelWithDebInfo|x64
		{C6D570B9-6AA4-3F45-BDBC-3E4583570B79}.RelWithDebInfo|x64.Build.0 = RelWithDebInfo|x64
		{CA0D99A8-C78E-3818-B8CA-BE1EE0791FC6}.Debug|x64.ActiveCfg = Debug|x64
		{CA0D99A8-C78E-3818-B8CA-BE1EE0791FC6}.Debug|x64.Build.0 = Debug|x64
		{CA0D99A8-C78E-3818-B8CA-BE1EE0791FC6}.Release|x64.ActiveCfg = Release|x64
		{CA0D99A8-C78E-3818-B8CA-BE1EE0791FC6}.Release|x64.Build.0 = Release|x64
		{CA0D99A8-C78E-3818-B8CA-BE1EE0791FC6}.MinSizeRel|x64.ActiveCfg = MinSizeRel|x64
		{CA0D99A8-C78E-3818-B8CA-BE1EE0791FC6}.MinSizeRel|x64.Build.0 = MinSizeRel|x64
		{CA0D99A8-C78E-3818-B8CA-BE1EE0791FC6}.RelWithDebInfo|x64.ActiveCfg = RelWithDebInfo|x64
		{CA0D99A8-C78E-3818-B8CA-BE1EE0791FC6}.RelWithDebInfo|x64.Build.0 = RelWithDebInfo|x64
		{748D1ABC-8939-302A-A0CC-AEF8CC3FA336}.Debug|x64.ActiveCfg = Debug|x64
		{748D1ABC-8939-302A-A0CC-AEF8CC3FA336}.Debug|x64.Build.0 = Debug|x64
		{748D1ABC-8939-302A-A0CC-AEF8CC3FA336}.Release|x64.ActiveCfg = Release|x64
		{748D1ABC-8939-302A-A0CC-AEF8CC3FA336}.Release|x64.Build.0 = Release|x64
		{748D1ABC-8939-302A-A0CC-AEF8CC3FA336}.MinSizeRel|x64.ActiveCfg = MinSizeRel|x64
		{748D1ABC-8939-302A-A0CC-AEF8CC3FA336}.MinSizeRel|x64.Build.0 = MinSizeRel|x64
		{748D1ABC-8939-302A-A0CC-AEF8CC3FA336}.RelWithDebInfo|x64.ActiveCfg = RelWithDebInfo|x64
		{748D1ABC-8939-302A-A0CC-AEF8CC3FA336}.RelWithDebInfo|x64.Build.0 = RelWithDebInfo|x64
		{5599C93A-A576-39EC-8713-05170C139D36}.Debug|x64.ActiveCfg = Debug|x64
		{5599C93A-A576-39EC-8713-05170C139D36}.Debug|x64.Build.0 = Debug|x64
		{5599C93A-A576-39EC-8713-05170C139D36}.Release|x64.ActiveCfg = Release|x64
		{5599C93A-A576-39EC-8713-05170C139D36}.Release|x64.Build.0 = Release|x64
		{5599C93A-A576-39EC-8713-05170C139D36}.MinSizeRel|x64.ActiveCfg = MinSizeRel|x64
		{5599C93A-A576-39EC-8713-05170C139D36}.MinSizeRel|x64.Build.0 = MinSizeRel|x64
		{5599C93A-A576-39EC-8713-05170C139D36}.RelWithDebInfo|x64.ActiveCfg = RelWithDebInfo|x64
		{5599C93A-A576-39EC-8713-05170C139D36}.RelWithDebInfo|x64.Build.0 = RelWithDebInfo|x64
		{4070FBC2-AD4F-36C9-B150-A7FE99A26C4D}.Debug|x64.ActiveCfg = Debug|x64
		{4070FBC2-AD4F-36C9-B150-A7FE99A26C4D}.Debug|x64.Build.0 = Debug|x64
		{4070FBC2-AD4F-36C9-B150-A7FE99A26C4D}.Release|x64.ActiveCfg = Release|x64
		{4070FBC2-AD4F-36C9-B150-A7FE99A26C4D}.Release|x64.Build.0 = Release|x64
		{4070FBC2-AD4F-36C9-B150-A7FE99A26C4D}.MinSizeRel|x64.ActiveCfg = MinSizeRel|x64
		{4070FBC2-AD4F-36C9-B150-A7FE99A26C4D}.MinSizeRel|x64.Build.0 = MinSizeRel|x64
		{4070FBC2-AD4F-36C9-B150-A7FE99A26C4D}.RelWithDebInfo|x64.ActiveCfg = RelWithDebInfo|x64
		{4070FBC2-AD4F-36C9-B150-A7FE99A26C4D}.RelWithDebInfo|x64.Build.0 = RelWithDebInfo|x64
		{C6664224-DE33-3151-9E47-6FD7C46A6240}.Debug|x64.ActiveCfg = Debug|x64
		{C6664224-DE33-3151-9E47-6FD7C46A6240}.Debug|x64.Build.0 = Debug|x64
		{C6664224-DE33-3151-9E47-6FD7C46A6240}.Release|x64.ActiveCfg = Release|x64
		{C6664224-DE33-3151-9E47-6FD7C46A6240}.Release|x64.Build.0 = Release|x64
		{C6664224-DE33-3151-9E47-6FD7C46A6240}.MinSizeRel|x64.ActiveCfg = MinSizeRel|x64
		{C6664224-DE33-3151-9E47-6FD7C46A6240}.MinSizeRel|x64.Build.0 = MinSizeRel|x64
		{C6664224-DE33-3151-9E47-6FD7C46A6240}.RelWithDebInfo|x64.ActiveCfg = RelWithDebInfo|x64
		{C6664224-DE33-3151-9E47-6FD7C46A6240}.RelWithDebInfo|x64.Build.0 = RelWithDebInfo|x64
		{EA53BB8C-69BE-3E33-8647-D08A667BC029}.Debug|x64.ActiveCfg = Debug|x64
		{EA53BB8C-69BE-3E33-8647-D08A667BC029}.Debug|x64.Build.0 = Debug|x64
		{EA53BB8C-69BE-3E33-8647-D08A667BC029}.Release|x64.ActiveCfg = Release|x64
		{EA53BB8C-69BE-3E33-8647-D08A667BC029}.Release|x64.Build.0 = Release|x64
		{EA53BB8C-69BE-3E33-8647-D08A667BC029}.MinSizeRel|x64.ActiveCfg = MinSizeRel|x64
		{EA53BB8C-69BE-3E33-8647-D08A667BC029}.MinSizeRel|x64.Build.0 = MinSizeRel|x64
		{EA53BB8C-69BE-3E33-8647-D08A667BC029}.RelWithDebInfo|x64.ActiveCfg = RelWithDebInfo|x64
		{EA53BB8C-69BE-3E33-8647-D08A667BC029}.RelWithDebInfo|x64.Build.0 = RelWithDebInfo|x64
		{A5E872D1-F016-34BD-BA73-4DFBA2A65498}.Debug|x64.ActiveCfg = Debug|x64
		{A5E872D1-F016-34BD-BA73-4DFBA2A65498}.Debug|x64.Build.0 = Debug|x64
		{A5E872D1-F016-34BD-BA73-4DFBA2A65498}.Release|x64.ActiveCfg = Release|x64
		{A5E872D1-F016-34BD-BA73-4DFBA2A65498}.Release|x64.Build.0 = Release|x64
		{A5E872D1-F016-34BD-BA73-4DFBA2A65498}.MinSizeRel|x64.ActiveCfg = MinSizeRel|x64
		{A5E872D1-F016-34BD-BA73-4DFBA2A65498}.MinSizeRel|x64.Build.0 = MinSizeRel|x64
		{A5E872D1-F016-34BD-BA73-4DFBA2A65498}.RelWithDebInfo|x64.ActiveCfg = RelWithDebInfo|x64
		{A5E872D1-F016-34BD-BA73-4DFBA2A65498}.RelWithDebInfo|x64.Build.0 = RelWithDebInfo|x64
		{E48C0455-FC3C-39A7-8504-35D11BE65650}.Debug|x64.ActiveCfg = Debug|x64
		{E48C0455-FC3C-39A7-8504-35D11BE65650}.Debug|x64.Build.0 = Debug|x64
		{E48C0455-FC3C-39A7-8504-35D11BE65650}.Release|x64.ActiveCfg = Release|x64
		{E48C0455-FC3C-39A7-8504-35D11BE65650}.Release|x64.Build.0 = Release|x64
		{E48C0455-FC3C-39A7-8504-35D11BE65650}.MinSizeRel|x64.ActiveCfg = MinSizeRel|x64
		{E48C0455-FC3C-39A7-8504-35D11BE65650}.MinSizeRel|x64.Build.0 = MinSizeRel|x64
		{E48C0455-FC3C-39A7-8504-35D11BE65650}.RelWithDebInfo|x64.ActiveCfg = RelWithDebInfo|x64
		{E48C0455-FC3C-39A7-8504-35D11BE65650}.RelWithDebInfo|x64.Build.0 = RelWithDebInfo|x64
		{AA79A64A-8202-37E7-927C-9BAF9A7746C3}.Debug|x64.ActiveCfg = Debug|x64
		{AA79A64A-8202-37E7-927C-9BAF9A7746C3}.Release|x64.ActiveCfg = Release|x64
		{AA79A64A-8202-37E7-927C-9BAF9A7746C3}.MinSizeRel|x64.ActiveCfg = MinSizeRel|x64
		{AA79A64A-8202-37E7-927C-9BAF9A7746C3}.RelWithDebInfo|x64.ActiveCfg = RelWithDebInfo|x64
		{5AF6A3A6-2926-35CD-8E9F-326A81C76587}.Debug|x64.ActiveCfg = Debug|x64
		{5AF6A3A6-2926-35CD-8E9F-326A81C76587}.Debug|x64.Build.0 = Debug|x64
		{5AF6A3A6-2926-35CD-8E9F-326A81C76587}.Release|x64.ActiveCfg = Release|x64
		{5AF6A3A6-2926-35CD-8E9F-326A81C76587}.Release|x64.Build.0 = Release|x64
		{5AF6A3A6-2926-35CD-8E9F-326A81C76587}.MinSizeRel|x64.ActiveCfg = MinSizeRel|x64
		{5AF6A3A6-2926-35CD-8E9F-326A81C76587}.MinSizeRel|x64.Build.0 = MinSizeRel|x64
		{5AF6A3A6-2926-35CD-8E9F-326A81C76587}.RelWithDebInfo|x64.ActiveCfg = RelWithDebInfo|x64
		{5AF6A3A6-2926-35CD-8E9F-326A81C76587}.RelWithDebInfo|x64.Build.0 = RelWithDebInfo|x64
		{D337A7E6-446D-3FD3-8611-AAE8AE1A8E57}.Debug|x64.ActiveCfg = Debug|x64
		{D337A7E6-446D-3FD3-8611-AAE8AE1A8E57}.Debug|x64.Build.0 = Debug|x64
		{D337A7E6-446D-3FD3-8611-AAE8AE1A8E57}.Release|x64.ActiveCfg = Release|x64
		{D337A7E6-446D-3FD3-8611-AAE8AE1A8E57}.Release|x64.Build.0 = Release|x64
		{D337A7E6-446D-3FD3-8611-AAE8AE1A8E57}.MinSizeRel|x64.ActiveCfg = MinSizeRel|x64
		{D337A7E6-446D-3FD3-8611-AAE8AE1A8E57}.MinSizeRel|x64.Build.0 = MinSizeRel|x64
		{D337A7E6-446D-3FD3-8611-AAE8AE1A8E57}.RelWithDebInfo|x64.ActiveCfg = RelWithDebInfo|x64
		{D337A7E6-446D-3FD3-8611-AAE8AE1A8E57}.RelWithDebInfo|x64.Build.0 = RelWithDebInfo|x64
		{D06EC19E-9437-3624-9A3A-50338C136D44}.Debug|x64.ActiveCfg = Debug|x64
		{D06EC19E-9437-3624-9A3A-50338C136D44}.Debug|x64.Build.0 = Debug|x64
		{D06EC19E-9437-3624-9A3A-50338C136D44}.Release|x64.ActiveCfg = Release|x64
		{D06EC19E-9437-3624-9A3A-50338C136D44}.Release|x64.Build.0 = Release|x64
		{D06EC19E-9437-3624-9A3A-50338C136D44}.MinSizeRel|x64.ActiveCfg = MinSizeRel|x64
		{D06EC19E-9437-3624-9A3A-50338C136D44}.MinSizeRel|x64.Build.0 = MinSizeRel|x64
		{D06EC19E-9437-3624-9A3A-50338C136D44}.RelWithDebInfo|x64.ActiveCfg = RelWithDebInfo|x64
		{D06EC19E-9437-3624-9A3A-50338C136D44}.RelWithDebInfo|x64.Build.0 = RelWithDebInfo|x64
	EndGlobalSection
	GlobalSection(NestedProjects) = preSolution
		{60D45503-CFB2-36D6-B58A-245563C7234A} = {2F0C9E1E-F090-3F42-A05C-3598A7153CAD}
		{107110F5-89DA-36C8-A925-490C7D900038} = {2F0C9E1E-F090-3F42-A05C-3598A7153CAD}
		{9D17E9B1-D11B-3010-8C96-8E4FDB714A65} = {2F0C9E1E-F090-3F42-A05C-3598A7153CAD}
		{1CE079C2-C310-3F38-AD27-900EE71836A2} = {026D9220-7061-3696-9FF3-F4AD9BA11B81}
		{A1FA8408-13F8-3069-B8EF-A73367BFDEC3} = {026D9220-7061-3696-9FF3-F4AD9BA11B81}
		{411FEA3E-FC8E-3FB0-B958-5C244F7D2C67} = {026D9220-7061-3696-9FF3-F4AD9BA11B81}
		{88B70BA4-C2A6-3FE9-8048-96CB89F928E8} = {1CE079C2-C310-3F38-AD27-900EE71836A2}
		{E0AB6944-E44D-3298-B2C5-9FB2BA4DA465} = {1CE079C2-C310-3F38-AD27-900EE71836A2}
		{9673F967-6D79-362A-90EE-CC062E6C829E} = {1CE079C2-C310-3F38-AD27-900EE71836A2}
		{6CC9DCA5-D025-3551-849E-5F3BF40BBD1B} = {1CE079C2-C310-3F38-AD27-900EE71836A2}
		{0C222FB4-53F4-3960-8277-12E1607B5362} = {1CE079C2-C310-3F38-AD27-900EE71836A2}
		{08AC78C5-C93C-3385-8286-2964A679A5F6} = {1CE079C2-C310-3F38-AD27-900EE71836A2}
		{5AF6A3A6-2926-35CD-8E9F-326A81C76587} = {1CE079C2-C310-3F38-AD27-900EE71836A2}
		{94F531DD-0278-3E32-8B15-79912FDF8B64} = {A1FA8408-13F8-3069-B8EF-A73367BFDEC3}
		{9782F9B5-F8C2-39D5-8571-ABBABF14EC9C} = {A1FA8408-13F8-3069-B8EF-A73367BFDEC3}
		{591B137D-4993-3B32-99F0-F03CAC3FF80B} = {A1FA8408-13F8-3069-B8EF-A73367BFDEC3}
		{6A8716FD-81F2-31B2-AA62-92A17E3D728D} = {A1FA8408-13F8-3069-B8EF-A73367BFDEC3}
		{E16D117E-C19B-3F8D-9D7A-01D564B6E6FF} = {A1FA8408-13F8-3069-B8EF-A73367BFDEC3}
		{604A6FFB-DB02-339E-BFD8-F047512255FC} = {A1FA8408-13F8-3069-B8EF-A73367BFDEC3}
		{1294237B-ED10-39CC-A53A-7689EBE9E736} = {A1FA8408-13F8-3069-B8EF-A73367BFDEC3}
		{CED0213A-2406-3256-A9CE-A00E2B50933E} = {A1FA8408-13F8-3069-B8EF-A73367BFDEC3}
		{CD4267D9-C2EE-3421-9C28-402F6044942F} = {A1FA8408-13F8-3069-B8EF-A73367BFDEC3}
		{45645A36-D4CF-37E7-A75F-2974A6E05BA3} = {A1FA8408-13F8-3069-B8EF-A73367BFDEC3}
		{1817B39F-FAFD-3F2D-8A8A-5CD99367F5DF} = {A1FA8408-13F8-3069-B8EF-A73367BFDEC3}
		{7D2BAE4C-D3B7-36B6-92F0-03A862B316F3} = {A1FA8408-13F8-3069-B8EF-A73367BFDEC3}
		{3B7EBB32-C8BA-3888-BC60-1E32734C4422} = {A1FA8408-13F8-3069-B8EF-A73367BFDEC3}
		{B28B9E07-9C92-3D8E-BBDB-EE42AC589D4F} = {A1FA8408-13F8-3069-B8EF-A73367BFDEC3}
		{2BA9EF6A-A42A-3C44-A71D-6D2BD1B3108B} = {A1FA8408-13F8-3069-B8EF-A73367BFDEC3}
		{D337A7E6-446D-3FD3-8611-AAE8AE1A8E57} = {A1FA8408-13F8-3069-B8EF-A73367BFDEC3}
	EndGlobalSection
	GlobalSection(ExtensibilityGlobals) = postSolution
	EndGlobalSection
	GlobalSection(ExtensibilityAddIns) = postSolution
	EndGlobalSection
EndGlobal
